// !$*UTF8*$!
{
	archiveVersion = 1;
	classes = {
	};
	objectVersion = 46;
	objects = {

/* Begin PBXBuildFile section */
		22C5134819B9BE7F004B3936 /* AppDelegate.swift in Sources */ = {isa = PBXBuildFile; fileRef = 22C5134719B9BE7F004B3936 /* AppDelegate.swift */; };
		22C5134A19B9BE7F004B3936 /* ViewController.swift in Sources */ = {isa = PBXBuildFile; fileRef = 22C5134919B9BE7F004B3936 /* ViewController.swift */; };
		22C5134D19B9BE7F004B3936 /* Main.storyboard in Resources */ = {isa = PBXBuildFile; fileRef = 22C5134B19B9BE7F004B3936 /* Main.storyboard */; };
		22C5134F19B9BE7F004B3936 /* Images.xcassets in Resources */ = {isa = PBXBuildFile; fileRef = 22C5134E19B9BE7F004B3936 /* Images.xcassets */; };
		22C5135B19B9BE7F004B3936 /* NotifyTimelyTests.swift in Sources */ = {isa = PBXBuildFile; fileRef = 22C5135A19B9BE7F004B3936 /* NotifyTimelyTests.swift */; };
		22C5136519B9C811004B3936 /* PaddedLabel.swift in Sources */ = {isa = PBXBuildFile; fileRef = 22C5136419B9C811004B3936 /* PaddedLabel.swift */; };
		22C5136719B9CB7E004B3936 /* ConfigureTimerViewController.swift in Sources */ = {isa = PBXBuildFile; fileRef = 22C5136619B9CB7E004B3936 /* ConfigureTimerViewController.swift */; };
/* End PBXBuildFile section */

/* Begin PBXContainerItemProxy section */
		22C5135519B9BE7F004B3936 /* PBXContainerItemProxy */ = {
			isa = PBXContainerItemProxy;
			containerPortal = 22C5133A19B9BE7F004B3936 /* Project object */;
			proxyType = 1;
			remoteGlobalIDString = 22C5134119B9BE7F004B3936;
			remoteInfo = NotifyTimely;
		};
/* End PBXContainerItemProxy section */

/* Begin PBXFileReference section */
		22C5134219B9BE7F004B3936 /* NotifyTimely.app */ = {isa = PBXFileReference; explicitFileType = wrapper.application; includeInIndex = 0; path = NotifyTimely.app; sourceTree = BUILT_PRODUCTS_DIR; };
		22C5134619B9BE7F004B3936 /* Info.plist */ = {isa = PBXFileReference; lastKnownFileType = text.plist.xml; path = Info.plist; sourceTree = "<group>"; };
		22C5134719B9BE7F004B3936 /* AppDelegate.swift */ = {isa = PBXFileReference; lastKnownFileType = sourcecode.swift; path = AppDelegate.swift; sourceTree = "<group>"; };
		22C5134919B9BE7F004B3936 /* ViewController.swift */ = {isa = PBXFileReference; lastKnownFileType = sourcecode.swift; path = ViewController.swift; sourceTree = "<group>"; };
		22C5134C19B9BE7F004B3936 /* Base */ = {isa = PBXFileReference; lastKnownFileType = file.storyboard; name = Base; path = Base.lproj/Main.storyboard; sourceTree = "<group>"; };
		22C5134E19B9BE7F004B3936 /* Images.xcassets */ = {isa = PBXFileReference; lastKnownFileType = folder.assetcatalog; path = Images.xcassets; sourceTree = "<group>"; };
		22C5135419B9BE7F004B3936 /* NotifyTimelyTests.xctest */ = {isa = PBXFileReference; explicitFileType = wrapper.cfbundle; includeInIndex = 0; path = NotifyTimelyTests.xctest; sourceTree = BUILT_PRODUCTS_DIR; };
		22C5135919B9BE7F004B3936 /* Info.plist */ = {isa = PBXFileReference; lastKnownFileType = text.plist.xml; path = Info.plist; sourceTree = "<group>"; };
		22C5135A19B9BE7F004B3936 /* NotifyTimelyTests.swift */ = {isa = PBXFileReference; lastKnownFileType = sourcecode.swift; path = NotifyTimelyTests.swift; sourceTree = "<group>"; };
		22C5136419B9C811004B3936 /* PaddedLabel.swift */ = {isa = PBXFileReference; fileEncoding = 4; lastKnownFileType = sourcecode.swift; path = PaddedLabel.swift; sourceTree = "<group>"; };
		22C5136619B9CB7E004B3936 /* ConfigureTimerViewController.swift */ = {isa = PBXFileReference; fileEncoding = 4; lastKnownFileType = sourcecode.swift; path = ConfigureTimerViewController.swift; sourceTree = "<group>"; };
/* End PBXFileReference section */

/* Begin PBXFrameworksBuildPhase section */
		22C5133F19B9BE7F004B3936 /* Frameworks */ = {
			isa = PBXFrameworksBuildPhase;
			buildActionMask = 2147483647;
			files = (
			);
			runOnlyForDeploymentPostprocessing = 0;
		};
		22C5135119B9BE7F004B3936 /* Frameworks */ = {
			isa = PBXFrameworksBuildPhase;
			buildActionMask = 2147483647;
			files = (
			);
			runOnlyForDeploymentPostprocessing = 0;
		};
/* End PBXFrameworksBuildPhase section */

/* Begin PBXGroup section */
		22C5133919B9BE7F004B3936 = {
			isa = PBXGroup;
			children = (
				22C5134419B9BE7F004B3936 /* NotifyTimely */,
				22C5135719B9BE7F004B3936 /* NotifyTimelyTests */,
				22C5134319B9BE7F004B3936 /* Products */,
			);
			sourceTree = "<group>";
		};
		22C5134319B9BE7F004B3936 /* Products */ = {
			isa = PBXGroup;
			children = (
				22C5134219B9BE7F004B3936 /* NotifyTimely.app */,
				22C5135419B9BE7F004B3936 /* NotifyTimelyTests.xctest */,
			);
			name = Products;
			sourceTree = "<group>";
		};
		22C5134419B9BE7F004B3936 /* NotifyTimely */ = {
			isa = PBXGroup;
			children = (
				22C5134719B9BE7F004B3936 /* AppDelegate.swift */,
				22C5134919B9BE7F004B3936 /* ViewController.swift */,
				22C5134B19B9BE7F004B3936 /* Main.storyboard */,
				22C5134E19B9BE7F004B3936 /* Images.xcassets */,
				22C5134519B9BE7F004B3936 /* Supporting Files */,
				22C5136419B9C811004B3936 /* PaddedLabel.swift */,
				22C5136619B9CB7E004B3936 /* ConfigureTimerViewController.swift */,
			);
			path = NotifyTimely;
			sourceTree = "<group>";
		};
		22C5134519B9BE7F004B3936 /* Supporting Files */ = {
			isa = PBXGroup;
			children = (
				22C5134619B9BE7F004B3936 /* Info.plist */,
			);
			name = "Supporting Files";
			sourceTree = "<group>";
		};
		22C5135719B9BE7F004B3936 /* NotifyTimelyTests */ = {
			isa = PBXGroup;
			children = (
				22C5135A19B9BE7F004B3936 /* NotifyTimelyTests.swift */,
				22C5135819B9BE7F004B3936 /* Supporting Files */,
			);
			path = NotifyTimelyTests;
			sourceTree = "<group>";
		};
		22C5135819B9BE7F004B3936 /* Supporting Files */ = {
			isa = PBXGroup;
			children = (
				22C5135919B9BE7F004B3936 /* Info.plist */,
			);
			name = "Supporting Files";
			sourceTree = "<group>";
		};
/* End PBXGroup section */

/* Begin PBXNativeTarget section */
		22C5134119B9BE7F004B3936 /* NotifyTimely */ = {
			isa = PBXNativeTarget;
			buildConfigurationList = 22C5135E19B9BE7F004B3936 /* Build configuration list for PBXNativeTarget "NotifyTimely" */;
			buildPhases = (
				22C5133E19B9BE7F004B3936 /* Sources */,
				22C5133F19B9BE7F004B3936 /* Frameworks */,
				22C5134019B9BE7F004B3936 /* Resources */,
			);
			buildRules = (
			);
			dependencies = (
			);
			name = NotifyTimely;
			productName = NotifyTimely;
			productReference = 22C5134219B9BE7F004B3936 /* NotifyTimely.app */;
			productType = "com.apple.product-type.application";
		};
		22C5135319B9BE7F004B3936 /* NotifyTimelyTests */ = {
			isa = PBXNativeTarget;
			buildConfigurationList = 22C5136119B9BE7F004B3936 /* Build configuration list for PBXNativeTarget "NotifyTimelyTests" */;
			buildPhases = (
				22C5135019B9BE7F004B3936 /* Sources */,
				22C5135119B9BE7F004B3936 /* Frameworks */,
				22C5135219B9BE7F004B3936 /* Resources */,
			);
			buildRules = (
			);
			dependencies = (
				22C5135619B9BE7F004B3936 /* PBXTargetDependency */,
			);
			name = NotifyTimelyTests;
			productName = NotifyTimelyTests;
			productReference = 22C5135419B9BE7F004B3936 /* NotifyTimelyTests.xctest */;
			productType = "com.apple.product-type.bundle.unit-test";
		};
/* End PBXNativeTarget section */

/* Begin PBXProject section */
		22C5133A19B9BE7F004B3936 /* Project object */ = {
			isa = PBXProject;
			attributes = {
				LastUpgradeCheck = 0600;
				ORGANIZATIONNAME = ShinobiControls;
				TargetAttributes = {
					22C5134119B9BE7F004B3936 = {
						CreatedOnToolsVersion = 6.0;
					};
					22C5135319B9BE7F004B3936 = {
						CreatedOnToolsVersion = 6.0;
						TestTargetID = 22C5134119B9BE7F004B3936;
					};
				};
			};
			buildConfigurationList = 22C5133D19B9BE7F004B3936 /* Build configuration list for PBXProject "NotifyTimely" */;
			compatibilityVersion = "Xcode 3.2";
			developmentRegion = English;
			hasScannedForEncodings = 0;
			knownRegions = (
				en,
				Base,
			);
			mainGroup = 22C5133919B9BE7F004B3936;
			productRefGroup = 22C5134319B9BE7F004B3936 /* Products */;
			projectDirPath = "";
			projectRoot = "";
			targets = (
				22C5134119B9BE7F004B3936 /* NotifyTimely */,
				22C5135319B9BE7F004B3936 /* NotifyTimelyTests */,
			);
		};
/* End PBXProject section */

/* Begin PBXResourcesBuildPhase section */
		22C5134019B9BE7F004B3936 /* Resources */ = {
			isa = PBXResourcesBuildPhase;
			buildActionMask = 2147483647;
			files = (
				22C5134D19B9BE7F004B3936 /* Main.storyboard in Resources */,
				22C5134F19B9BE7F004B3936 /* Images.xcassets in Resources */,
			);
			runOnlyForDeploymentPostprocessing = 0;
		};
		22C5135219B9BE7F004B3936 /* Resources */ = {
			isa = PBXResourcesBuildPhase;
			buildActionMask = 2147483647;
			files = (
			);
			runOnlyForDeploymentPostprocessing = 0;
		};
/* End PBXResourcesBuildPhase section */

/* Begin PBXSourcesBuildPhase section */
		22C5133E19B9BE7F004B3936 /* Sources */ = {
			isa = PBXSourcesBuildPhase;
			buildActionMask = 2147483647;
			files = (
				22C5136519B9C811004B3936 /* PaddedLabel.swift in Sources */,
				22C5134A19B9BE7F004B3936 /* ViewController.swift in Sources */,
				22C5134819B9BE7F004B3936 /* AppDelegate.swift in Sources */,
				22C5136719B9CB7E004B3936 /* ConfigureTimerViewController.swift in Sources */,
			);
			runOnlyForDeploymentPostprocessing = 0;
		};
		22C5135019B9BE7F004B3936 /* Sources */ = {
			isa = PBXSourcesBuildPhase;
			buildActionMask = 2147483647;
			files = (
				22C5135B19B9BE7F004B3936 /* NotifyTimelyTests.swift in Sources */,
			);
			runOnlyForDeploymentPostprocessing = 0;
		};
/* End PBXSourcesBuildPhase section */

/* Begin PBXTargetDependency section */
		22C5135619B9BE7F004B3936 /* PBXTargetDependency */ = {
			isa = PBXTargetDependency;
			target = 22C5134119B9BE7F004B3936 /* NotifyTimely */;
			targetProxy = 22C5135519B9BE7F004B3936 /* PBXContainerItemProxy */;
		};
/* End PBXTargetDependency section */

/* Begin PBXVariantGroup section */
		22C5134B19B9BE7F004B3936 /* Main.storyboard */ = {
			isa = PBXVariantGroup;
			children = (
				22C5134C19B9BE7F004B3936 /* Base */,
			);
			name = Main.storyboard;
			sourceTree = "<group>";
		};
/* End PBXVariantGroup section */

/* Begin XCBuildConfiguration section */
		22C5135C19B9BE7F004B3936 /* Debug */ = {
			isa = XCBuildConfiguration;
			buildSettings = {
				ALWAYS_SEARCH_USER_PATHS = NO;
				CLANG_CXX_LANGUAGE_STANDARD = "gnu++0x";
				CLANG_CXX_LIBRARY = "libc++";
				CLANG_ENABLE_MODULES = YES;
				CLANG_ENABLE_OBJC_ARC = YES;
				CLANG_WARN_BOOL_CONVERSION = YES;
				CLANG_WARN_CONSTANT_CONVERSION = YES;
				CLANG_WARN_DIRECT_OBJC_ISA_USAGE = YES_ERROR;
				CLANG_WARN_EMPTY_BODY = YES;
				CLANG_WARN_ENUM_CONVERSION = YES;
				CLANG_WARN_INT_CONVERSION = YES;
				CLANG_WARN_OBJC_ROOT_CLASS = YES_ERROR;
				CLANG_WARN_UNREACHABLE_CODE = YES;
				CLANG_WARN__DUPLICATE_METHOD_MATCH = YES;
				"CODE_SIGN_IDENTITY[sdk=iphoneos*]" = "iPhone Developer";
				COPY_PHASE_STRIP = NO;
				ENABLE_STRICT_OBJC_MSGSEND = YES;
				GCC_C_LANGUAGE_STANDARD = gnu99;
				GCC_DYNAMIC_NO_PIC = NO;
				GCC_OPTIMIZATION_LEVEL = 0;
				GCC_PREPROCESSOR_DEFINITIONS = (
					"DEBUG=1",
					"$(inherited)",
				);
				GCC_SYMBOLS_PRIVATE_EXTERN = NO;
				GCC_WARN_64_TO_32_BIT_CONVERSION = YES;
				GCC_WARN_ABOUT_RETURN_TYPE = YES_ERROR;
				GCC_WARN_UNDECLARED_SELECTOR = YES;
				GCC_WARN_UNINITIALIZED_AUTOS = YES_AGGRESSIVE;
				GCC_WARN_UNUSED_FUNCTION = YES;
				GCC_WARN_UNUSED_VARIABLE = YES;
				IPHONEOS_DEPLOYMENT_TARGET = 8.0;
				MTL_ENABLE_DEBUG_INFO = YES;
				ONLY_ACTIVE_ARCH = YES;
				SDKROOT = iphoneos;
				SWIFT_OPTIMIZATION_LEVEL = "-Onone";
				TARGETED_DEVICE_FAMILY = "1,2";
			};
			name = Debug;
		};
		22C5135D19B9BE7F004B3936 /* Release */ = {
			isa = XCBuildConfiguration;
			buildSettings = {
				ALWAYS_SEARCH_USER_PATHS = NO;
				CLANG_CXX_LANGUAGE_STANDARD = "gnu++0x";
				CLANG_CXX_LIBRARY = "libc++";
				CLANG_ENABLE_MODULES = YES;
				CLANG_ENABLE_OBJC_ARC = YES;
				CLANG_WARN_BOOL_CONVERSION = YES;
				CLANG_WARN_CONSTANT_CONVERSION = YES;
				CLANG_WARN_DIRECT_OBJC_ISA_USAGE = YES_ERROR;
				CLANG_WARN_EMPTY_BODY = YES;
				CLANG_WARN_ENUM_CONVERSION = YES;
				CLANG_WARN_INT_CONVERSION = YES;
				CLANG_WARN_OBJC_ROOT_CLASS = YES_ERROR;
				CLANG_WARN_UNREACHABLE_CODE = YES;
				CLANG_WARN__DUPLICATE_METHOD_MATCH = YES;
				"CODE_SIGN_IDENTITY[sdk=iphoneos*]" = "iPhone Developer";
				COPY_PHASE_STRIP = YES;
				ENABLE_NS_ASSERTIONS = NO;
				ENABLE_STRICT_OBJC_MSGSEND = YES;
				GCC_C_LANGUAGE_STANDARD = gnu99;
				GCC_WARN_64_TO_32_BIT_CONVERSION = YES;
				GCC_WARN_ABOUT_RETURN_TYPE = YES_ERROR;
				GCC_WARN_UNDECLARED_SELECTOR = YES;
				GCC_WARN_UNINITIALIZED_AUTOS = YES_AGGRESSIVE;
				GCC_WARN_UNUSED_FUNCTION = YES;
				GCC_WARN_UNUSED_VARIABLE = YES;
				IPHONEOS_DEPLOYMENT_TARGET = 8.0;
				MTL_ENABLE_DEBUG_INFO = NO;
				SDKROOT = iphoneos;
				TARGETED_DEVICE_FAMILY = "1,2";
				VALIDATE_PRODUCT = YES;
			};
			name = Release;
		};
		22C5135F19B9BE7F004B3936 /* Debug */ = {
			isa = XCBuildConfiguration;
			buildSettings = {
				ASSETCATALOG_COMPILER_APPICON_NAME = AppIcon;
				ASSETCATALOG_COMPILER_LAUNCHIMAGE_NAME = LaunchImage;
				INFOPLIST_FILE = NotifyTimely/Info.plist;
				LD_RUNPATH_SEARCH_PATHS = "$(inherited) @executable_path/Frameworks";
				PRODUCT_NAME = "$(TARGET_NAME)";
			};
			name = Debug;
		};
		22C5136019B9BE7F004B3936 /* Release */ = {
			isa = XCBuildConfiguration;
			buildSettings = {
				ASSETCATALOG_COMPILER_APPICON_NAME = AppIcon;
				ASSETCATALOG_COMPILER_LAUNCHIMAGE_NAME = LaunchImage;
				INFOPLIST_FILE = NotifyTimely/Info.plist;
				LD_RUNPATH_SEARCH_PATHS = "$(inherited) @executable_path/Frameworks";
				PRODUCT_NAME = "$(TARGET_NAME)";
			};
			name = Release;
		};
		22C5136219B9BE7F004B3936 /* Debug */ = {
			isa = XCBuildConfiguration;
			buildSettings = {
				BUNDLE_LOADER = "$(TEST_HOST)";
				FRAMEWORK_SEARCH_PATHS = (
					"$(SDKROOT)/Developer/Library/Frameworks",
					"$(inherited)",
				);
				GCC_PREPROCESSOR_DEFINITIONS = (
					"DEBUG=1",
					"$(inherited)",
				);
				INFOPLIST_FILE = NotifyTimelyTests/Info.plist;
				LD_RUNPATH_SEARCH_PATHS = "$(inherited) @executable_path/Frameworks @loader_path/Frameworks";
				PRODUCT_NAME = "$(TARGET_NAME)";
				TEST_HOST = "$(BUILT_PRODUCTS_DIR)/NotifyTimely.app/NotifyTimely";
			};
			name = Debug;
		};
		22C5136319B9BE7F004B3936 /* Release */ = {
			isa = XCBuildConfiguration;
			buildSettings = {
				BUNDLE_LOADER = "$(TEST_HOST)";
				FRAMEWORK_SEARCH_PATHS = (
					"$(SDKROOT)/Developer/Library/Frameworks",
					"$(inherited)",
				);
				INFOPLIST_FILE = NotifyTimelyTests/Info.plist;
				LD_RUNPATH_SEARCH_PATHS = "$(inherited) @executable_path/Frameworks @loader_path/Frameworks";
				PRODUCT_NAME = "$(TARGET_NAME)";
				TEST_HOST = "$(BUILT_PRODUCTS_DIR)/NotifyTimely.app/NotifyTimely";
			};
			name = Release;
		};
/* End XCBuildConfiguration section */

/* Begin XCConfigurationList section */
		22C5133D19B9BE7F004B3936 /* Build configuration list for PBXProject "NotifyTimely" */ = {
			isa = XCConfigurationList;
			buildConfigurations = (
				22C5135C19B9BE7F004B3936 /* Debug */,
				22C5135D19B9BE7F004B3936 /* Release */,
			);
			defaultConfigurationIsVisible = 0;
			defaultConfigurationName = Release;
		};
		22C5135E19B9BE7F004B3936 /* Build configuration list for PBXNativeTarget "NotifyTimely" */ = {
			isa = XCConfigurationList;
			buildConfigurations = (
				22C5135F19B9BE7F004B3936 /* Debug */,
				22C5136019B9BE7F004B3936 /* Release */,
			);
			defaultConfigurationIsVisible = 0;
		};
		22C5136119B9BE7F004B3936 /* Build configuration list for PBXNativeTarget "NotifyTimelyTests" */ = {
			isa = XCConfigurationList;
			buildConfigurations = (
				22C5136219B9BE7F004B3936 /* Debug */,
				22C5136319B9BE7F004B3936 /* Release */,
			);
			defaultConfigurationIsVisible = 0;
		};
/* End XCConfigurationList section */
	};
	rootObject = 22C5133A19B9BE7F004B3936 /* Project object */;
}
