// !$*UTF8*$!
{
	archiveVersion = 1;
	classes = {
	};
	objectVersion = 46;
	objects = {

/* Begin PBXBuildFile section */
		2240E69819C80C3800216532 /* AppDelegate.swift in Sources */ = {isa = PBXBuildFile; fileRef = 2240E69719C80C3800216532 /* AppDelegate.swift */; };
		2240E69A19C80C3800216532 /* ViewController.swift in Sources */ = {isa = PBXBuildFile; fileRef = 2240E69919C80C3800216532 /* ViewController.swift */; };
		2240E69D19C80C3800216532 /* Main.storyboard in Resources */ = {isa = PBXBuildFile; fileRef = 2240E69B19C80C3800216532 /* Main.storyboard */; };
		2240E69F19C80C3900216532 /* Images.xcassets in Resources */ = {isa = PBXBuildFile; fileRef = 2240E69E19C80C3900216532 /* Images.xcassets */; };
		2240E6A219C80C3900216532 /* LaunchScreen.xib in Resources */ = {isa = PBXBuildFile; fileRef = 2240E6A019C80C3900216532 /* LaunchScreen.xib */; };
		2240E6AE19C80C3900216532 /* RocketLaunchTests.swift in Sources */ = {isa = PBXBuildFile; fileRef = 2240E6AD19C80C3900216532 /* RocketLaunchTests.swift */; };
/* End PBXBuildFile section */

/* Begin PBXContainerItemProxy section */
		2240E6A819C80C3900216532 /* PBXContainerItemProxy */ = {
			isa = PBXContainerItemProxy;
			containerPortal = 2240E68A19C80C3800216532 /* Project object */;
			proxyType = 1;
			remoteGlobalIDString = 2240E69119C80C3800216532;
			remoteInfo = RocketLaunch;
		};
/* End PBXContainerItemProxy section */

/* Begin PBXFileReference section */
		2240E69219C80C3800216532 /* RocketLaunch.app */ = {isa = PBXFileReference; explicitFileType = wrapper.application; includeInIndex = 0; path = RocketLaunch.app; sourceTree = BUILT_PRODUCTS_DIR; };
		2240E69619C80C3800216532 /* Info.plist */ = {isa = PBXFileReference; lastKnownFileType = text.plist.xml; path = Info.plist; sourceTree = "<group>"; };
		2240E69719C80C3800216532 /* AppDelegate.swift */ = {isa = PBXFileReference; lastKnownFileType = sourcecode.swift; path = AppDelegate.swift; sourceTree = "<group>"; };
		2240E69919C80C3800216532 /* ViewController.swift */ = {isa = PBXFileReference; lastKnownFileType = sourcecode.swift; path = ViewController.swift; sourceTree = "<group>"; };
		2240E69C19C80C3800216532 /* Base */ = {isa = PBXFileReference; lastKnownFileType = file.storyboard; name = Base; path = Base.lproj/Main.storyboard; sourceTree = "<group>"; };
		2240E69E19C80C3900216532 /* Images.xcassets */ = {isa = PBXFileReference; lastKnownFileType = folder.assetcatalog; path = Images.xcassets; sourceTree = "<group>"; };
		2240E6A119C80C3900216532 /* Base */ = {isa = PBXFileReference; lastKnownFileType = file.xib; name = Base; path = Base.lproj/LaunchScreen.xib; sourceTree = "<group>"; };
		2240E6A719C80C3900216532 /* RocketLaunchTests.xctest */ = {isa = PBXFileReference; explicitFileType = wrapper.cfbundle; includeInIndex = 0; path = RocketLaunchTests.xctest; sourceTree = BUILT_PRODUCTS_DIR; };
		2240E6AC19C80C3900216532 /* Info.plist */ = {isa = PBXFileReference; lastKnownFileType = text.plist.xml; path = Info.plist; sourceTree = "<group>"; };
		2240E6AD19C80C3900216532 /* RocketLaunchTests.swift */ = {isa = PBXFileReference; lastKnownFileType = sourcecode.swift; path = RocketLaunchTests.swift; sourceTree = "<group>"; };
/* End PBXFileReference section */

/* Begin PBXFrameworksBuildPhase section */
		2240E68F19C80C3800216532 /* Frameworks */ = {
			isa = PBXFrameworksBuildPhase;
			buildActionMask = 2147483647;
			files = (
			);
			runOnlyForDeploymentPostprocessing = 0;
		};
		2240E6A419C80C3900216532 /* Frameworks */ = {
			isa = PBXFrameworksBuildPhase;
			buildActionMask = 2147483647;
			files = (
			);
			runOnlyForDeploymentPostprocessing = 0;
		};
/* End PBXFrameworksBuildPhase section */

/* Begin PBXGroup section */
		2240E68919C80C3800216532 = {
			isa = PBXGroup;
			children = (
				2240E69419C80C3800216532 /* RocketLaunch */,
				2240E6AA19C80C3900216532 /* RocketLaunchTests */,
				2240E69319C80C3800216532 /* Products */,
			);
			sourceTree = "<group>";
		};
		2240E69319C80C3800216532 /* Products */ = {
			isa = PBXGroup;
			children = (
				2240E69219C80C3800216532 /* RocketLaunch.app */,
				2240E6A719C80C3900216532 /* RocketLaunchTests.xctest */,
			);
			name = Products;
			sourceTree = "<group>";
		};
		2240E69419C80C3800216532 /* RocketLaunch */ = {
			isa = PBXGroup;
			children = (
				2240E69719C80C3800216532 /* AppDelegate.swift */,
				2240E69919C80C3800216532 /* ViewController.swift */,
				2240E69B19C80C3800216532 /* Main.storyboard */,
				2240E69E19C80C3900216532 /* Images.xcassets */,
				2240E6A019C80C3900216532 /* LaunchScreen.xib */,
				2240E69519C80C3800216532 /* Supporting Files */,
			);
			path = RocketLaunch;
			sourceTree = "<group>";
		};
		2240E69519C80C3800216532 /* Supporting Files */ = {
			isa = PBXGroup;
			children = (
				2240E69619C80C3800216532 /* Info.plist */,
			);
			name = "Supporting Files";
			sourceTree = "<group>";
		};
		2240E6AA19C80C3900216532 /* RocketLaunchTests */ = {
			isa = PBXGroup;
			children = (
				2240E6AD19C80C3900216532 /* RocketLaunchTests.swift */,
				2240E6AB19C80C3900216532 /* Supporting Files */,
			);
			path = RocketLaunchTests;
			sourceTree = "<group>";
		};
		2240E6AB19C80C3900216532 /* Supporting Files */ = {
			isa = PBXGroup;
			children = (
				2240E6AC19C80C3900216532 /* Info.plist */,
			);
			name = "Supporting Files";
			sourceTree = "<group>";
		};
/* End PBXGroup section */

/* Begin PBXNativeTarget section */
		2240E69119C80C3800216532 /* RocketLaunch */ = {
			isa = PBXNativeTarget;
			buildConfigurationList = 2240E6B119C80C3900216532 /* Build configuration list for PBXNativeTarget "RocketLaunch" */;
			buildPhases = (
				2240E68E19C80C3800216532 /* Sources */,
				2240E68F19C80C3800216532 /* Frameworks */,
				2240E69019C80C3800216532 /* Resources */,
			);
			buildRules = (
			);
			dependencies = (
			);
			name = RocketLaunch;
			productName = RocketLaunch;
			productReference = 2240E69219C80C3800216532 /* RocketLaunch.app */;
			productType = "com.apple.product-type.application";
		};
		2240E6A619C80C3900216532 /* RocketLaunchTests */ = {
			isa = PBXNativeTarget;
			buildConfigurationList = 2240E6B419C80C3900216532 /* Build configuration list for PBXNativeTarget "RocketLaunchTests" */;
			buildPhases = (
				2240E6A319C80C3900216532 /* Sources */,
				2240E6A419C80C3900216532 /* Frameworks */,
				2240E6A519C80C3900216532 /* Resources */,
			);
			buildRules = (
			);
			dependencies = (
				2240E6A919C80C3900216532 /* PBXTargetDependency */,
			);
			name = RocketLaunchTests;
			productName = RocketLaunchTests;
			productReference = 2240E6A719C80C3900216532 /* RocketLaunchTests.xctest */;
			productType = "com.apple.product-type.bundle.unit-test";
		};
/* End PBXNativeTarget section */

/* Begin PBXProject section */
		2240E68A19C80C3800216532 /* Project object */ = {
			isa = PBXProject;
			attributes = {
				LastUpgradeCheck = 0600;
				ORGANIZATIONNAME = ShinobiControls;
				TargetAttributes = {
					2240E69119C80C3800216532 = {
						CreatedOnToolsVersion = 6.0;
					};
					2240E6A619C80C3900216532 = {
						CreatedOnToolsVersion = 6.0;
						TestTargetID = 2240E69119C80C3800216532;
					};
				};
			};
			buildConfigurationList = 2240E68D19C80C3800216532 /* Build configuration list for PBXProject "RocketLaunch" */;
			compatibilityVersion = "Xcode 3.2";
			developmentRegion = English;
			hasScannedForEncodings = 0;
			knownRegions = (
				en,
				Base,
			);
			mainGroup = 2240E68919C80C3800216532;
			productRefGroup = 2240E69319C80C3800216532 /* Products */;
			projectDirPath = "";
			projectRoot = "";
			targets = (
				2240E69119C80C3800216532 /* RocketLaunch */,
				2240E6A619C80C3900216532 /* RocketLaunchTests */,
			);
		};
/* End PBXProject section */

/* Begin PBXResourcesBuildPhase section */
		2240E69019C80C3800216532 /* Resources */ = {
			isa = PBXResourcesBuildPhase;
			buildActionMask = 2147483647;
			files = (
				2240E69D19C80C3800216532 /* Main.storyboard in Resources */,
				2240E6A219C80C3900216532 /* LaunchScreen.xib in Resources */,
				2240E69F19C80C3900216532 /* Images.xcassets in Resources */,
			);
			runOnlyForDeploymentPostprocessing = 0;
		};
		2240E6A519C80C3900216532 /* Resources */ = {
			isa = PBXResourcesBuildPhase;
			buildActionMask = 2147483647;
			files = (
			);
			runOnlyForDeploymentPostprocessing = 0;
		};
/* End PBXResourcesBuildPhase section */

/* Begin PBXSourcesBuildPhase section */
		2240E68E19C80C3800216532 /* Sources */ = {
			isa = PBXSourcesBuildPhase;
			buildActionMask = 2147483647;
			files = (
				2240E69A19C80C3800216532 /* ViewController.swift in Sources */,
				2240E69819C80C3800216532 /* AppDelegate.swift in Sources */,
			);
			runOnlyForDeploymentPostprocessing = 0;
		};
		2240E6A319C80C3900216532 /* Sources */ = {
			isa = PBXSourcesBuildPhase;
			buildActionMask = 2147483647;
			files = (
				2240E6AE19C80C3900216532 /* RocketLaunchTests.swift in Sources */,
			);
			runOnlyForDeploymentPostprocessing = 0;
		};
/* End PBXSourcesBuildPhase section */

/* Begin PBXTargetDependency section */
		2240E6A919C80C3900216532 /* PBXTargetDependency */ = {
			isa = PBXTargetDependency;
			target = 2240E69119C80C3800216532 /* RocketLaunch */;
			targetProxy = 2240E6A819C80C3900216532 /* PBXContainerItemProxy */;
		};
/* End PBXTargetDependency section */

/* Begin PBXVariantGroup section */
		2240E69B19C80C3800216532 /* Main.storyboard */ = {
			isa = PBXVariantGroup;
			children = (
				2240E69C19C80C3800216532 /* Base */,
			);
			name = Main.storyboard;
			sourceTree = "<group>";
		};
		2240E6A019C80C3900216532 /* LaunchScreen.xib */ = {
			isa = PBXVariantGroup;
			children = (
				2240E6A119C80C3900216532 /* Base */,
			);
			name = LaunchScreen.xib;
			sourceTree = "<group>";
		};
/* End PBXVariantGroup section */

/* Begin XCBuildConfiguration section */
		2240E6AF19C80C3900216532 /* Debug */ = {
			isa = XCBuildConfiguration;
			buildSettings = {
				ALWAYS_SEARCH_USER_PATHS = NO;
				CLANG_CXX_LANGUAGE_STANDARD = "gnu++0x";
				CLANG_CXX_LIBRARY = "libc++";
				CLANG_ENABLE_MODULES = YES;
				CLANG_ENABLE_OBJC_ARC = YES;
				CLANG_WARN_BOOL_CONVERSION = YES;
				CLANG_WARN_CONSTANT_CONVERSION = YES;
				CLANG_WARN_DIRECT_OBJC_ISA_USAGE = YES_ERROR;
				CLANG_WARN_EMPTY_BODY = YES;
				CLANG_WARN_ENUM_CONVERSION = YES;
				CLANG_WARN_INT_CONVERSION = YES;
				CLANG_WARN_OBJC_ROOT_CLASS = YES_ERROR;
				CLANG_WARN_UNREACHABLE_CODE = YES;
				CLANG_WARN__DUPLICATE_METHOD_MATCH = YES;
				"CODE_SIGN_IDENTITY[sdk=iphoneos*]" = "iPhone Developer";
				COPY_PHASE_STRIP = NO;
				ENABLE_STRICT_OBJC_MSGSEND = YES;
				GCC_C_LANGUAGE_STANDARD = gnu99;
				GCC_DYNAMIC_NO_PIC = NO;
				GCC_OPTIMIZATION_LEVEL = 0;
				GCC_PREPROCESSOR_DEFINITIONS = (
					"DEBUG=1",
					"$(inherited)",
				);
				GCC_SYMBOLS_PRIVATE_EXTERN = NO;
				GCC_WARN_64_TO_32_BIT_CONVERSION = YES;
				GCC_WARN_ABOUT_RETURN_TYPE = YES_ERROR;
				GCC_WARN_UNDECLARED_SELECTOR = YES;
				GCC_WARN_UNINITIALIZED_AUTOS = YES_AGGRESSIVE;
				GCC_WARN_UNUSED_FUNCTION = YES;
				GCC_WARN_UNUSED_VARIABLE = YES;
				IPHONEOS_DEPLOYMENT_TARGET = 8.0;
				MTL_ENABLE_DEBUG_INFO = YES;
				ONLY_ACTIVE_ARCH = YES;
				SDKROOT = iphoneos;
				SWIFT_OPTIMIZATION_LEVEL = "-Onone";
				TARGETED_DEVICE_FAMILY = "1,2";
			};
			name = Debug;
		};
		2240E6B019C80C3900216532 /* Release */ = {
			isa = XCBuildConfiguration;
			buildSettings = {
				ALWAYS_SEARCH_USER_PATHS = NO;
				CLANG_CXX_LANGUAGE_STANDARD = "gnu++0x";
				CLANG_CXX_LIBRARY = "libc++";
				CLANG_ENABLE_MODULES = YES;
				CLANG_ENABLE_OBJC_ARC = YES;
				CLANG_WARN_BOOL_CONVERSION = YES;
				CLANG_WARN_CONSTANT_CONVERSION = YES;
				CLANG_WARN_DIRECT_OBJC_ISA_USAGE = YES_ERROR;
				CLANG_WARN_EMPTY_BODY = YES;
				CLANG_WARN_ENUM_CONVERSION = YES;
				CLANG_WARN_INT_CONVERSION = YES;
				CLANG_WARN_OBJC_ROOT_CLASS = YES_ERROR;
				CLANG_WARN_UNREACHABLE_CODE = YES;
				CLANG_WARN__DUPLICATE_METHOD_MATCH = YES;
				"CODE_SIGN_IDENTITY[sdk=iphoneos*]" = "iPhone Developer";
				COPY_PHASE_STRIP = YES;
				ENABLE_NS_ASSERTIONS = NO;
				ENABLE_STRICT_OBJC_MSGSEND = YES;
				GCC_C_LANGUAGE_STANDARD = gnu99;
				GCC_WARN_64_TO_32_BIT_CONVERSION = YES;
				GCC_WARN_ABOUT_RETURN_TYPE = YES_ERROR;
				GCC_WARN_UNDECLARED_SELECTOR = YES;
				GCC_WARN_UNINITIALIZED_AUTOS = YES_AGGRESSIVE;
				GCC_WARN_UNUSED_FUNCTION = YES;
				GCC_WARN_UNUSED_VARIABLE = YES;
				IPHONEOS_DEPLOYMENT_TARGET = 8.0;
				MTL_ENABLE_DEBUG_INFO = NO;
				SDKROOT = iphoneos;
				TARGETED_DEVICE_FAMILY = "1,2";
				VALIDATE_PRODUCT = YES;
			};
			name = Release;
		};
		2240E6B219C80C3900216532 /* Debug */ = {
			isa = XCBuildConfiguration;
			buildSettings = {
				ASSETCATALOG_COMPILER_APPICON_NAME = AppIcon;
				INFOPLIST_FILE = RocketLaunch/Info.plist;
				LD_RUNPATH_SEARCH_PATHS = "$(inherited) @executable_path/Frameworks";
				PRODUCT_NAME = "$(TARGET_NAME)";
			};
			name = Debug;
		};
		2240E6B319C80C3900216532 /* Release */ = {
			isa = XCBuildConfiguration;
			buildSettings = {
				ASSETCATALOG_COMPILER_APPICON_NAME = AppIcon;
				INFOPLIST_FILE = RocketLaunch/Info.plist;
				LD_RUNPATH_SEARCH_PATHS = "$(inherited) @executable_path/Frameworks";
				PRODUCT_NAME = "$(TARGET_NAME)";
			};
			name = Release;
		};
		2240E6B519C80C3900216532 /* Debug */ = {
			isa = XCBuildConfiguration;
			buildSettings = {
				BUNDLE_LOADER = "$(TEST_HOST)";
				FRAMEWORK_SEARCH_PATHS = (
					"$(SDKROOT)/Developer/Library/Frameworks",
					"$(inherited)",
				);
				GCC_PREPROCESSOR_DEFINITIONS = (
					"DEBUG=1",
					"$(inherited)",
				);
				INFOPLIST_FILE = RocketLaunchTests/Info.plist;
				LD_RUNPATH_SEARCH_PATHS = "$(inherited) @executable_path/Frameworks @loader_path/Frameworks";
				PRODUCT_NAME = "$(TARGET_NAME)";
				TEST_HOST = "$(BUILT_PRODUCTS_DIR)/RocketLaunch.app/RocketLaunch";
			};
			name = Debug;
		};
		2240E6B619C80C3900216532 /* Release */ = {
			isa = XCBuildConfiguration;
			buildSettings = {
				BUNDLE_LOADER = "$(TEST_HOST)";
				FRAMEWORK_SEARCH_PATHS = (
					"$(SDKROOT)/Developer/Library/Frameworks",
					"$(inherited)",
				);
				INFOPLIST_FILE = RocketLaunchTests/Info.plist;
				LD_RUNPATH_SEARCH_PATHS = "$(inherited) @executable_path/Frameworks @loader_path/Frameworks";
				PRODUCT_NAME = "$(TARGET_NAME)";
				TEST_HOST = "$(BUILT_PRODUCTS_DIR)/RocketLaunch.app/RocketLaunch";
			};
			name = Release;
		};
/* End XCBuildConfiguration section */

/* Begin XCConfigurationList section */
		2240E68D19C80C3800216532 /* Build configuration list for PBXProject "RocketLaunch" */ = {
			isa = XCConfigurationList;
			buildConfigurations = (
				2240E6AF19C80C3900216532 /* Debug */,
				2240E6B019C80C3900216532 /* Release */,
			);
			defaultConfigurationIsVisible = 0;
			defaultConfigurationName = Release;
		};
		2240E6B119C80C3900216532 /* Build configuration list for PBXNativeTarget "RocketLaunch" */ = {
			isa = XCConfigurationList;
			buildConfigurations = (
				2240E6B219C80C3900216532 /* Debug */,
				2240E6B319C80C3900216532 /* Release */,
			);
			defaultConfigurationIsVisible = 0;
		};
		2240E6B419C80C3900216532 /* Build configuration list for PBXNativeTarget "RocketLaunchTests" */ = {
			isa = XCConfigurationList;
			buildConfigurations = (
				2240E6B519C80C3900216532 /* Debug */,
				2240E6B619C80C3900216532 /* Release */,
			);
			defaultConfigurationIsVisible = 0;
		};
/* End XCConfigurationList section */
	};
	rootObject = 2240E68A19C80C3800216532 /* Project object */;
}
