// !$*UTF8*$!
{
	archiveVersion = 1;
	classes = {
	};
	objectVersion = 46;
	objects = {

/* Begin PBXBuildFile section */
		F45C69D3195B23D900615E3A /* AppDelegate.swift in Sources */ = {isa = PBXBuildFile; fileRef = F45C69D2195B23D900615E3A /* AppDelegate.swift */; };
		F45C69D5195B23D900615E3A /* Images.xcassets in Resources */ = {isa = PBXBuildFile; fileRef = F45C69D4195B23D900615E3A /* Images.xcassets */; };
		F45C69E1195B23D900615E3A /* SpeedyAverageTests.swift in Sources */ = {isa = PBXBuildFile; fileRef = F45C69E0195B23D900615E3A /* SpeedyAverageTests.swift */; };
/* End PBXBuildFile section */

/* Begin PBXContainerItemProxy section */
		F45C69DB195B23D900615E3A /* PBXContainerItemProxy */ = {
			isa = PBXContainerItemProxy;
			containerPortal = F45C69C5195B23D900615E3A /* Project object */;
			proxyType = 1;
			remoteGlobalIDString = F45C69CC195B23D900615E3A;
			remoteInfo = SpeedyAverage;
		};
/* End PBXContainerItemProxy section */

/* Begin PBXFileReference section */
		F45C69CD195B23D900615E3A /* SpeedyAverage.app */ = {isa = PBXFileReference; explicitFileType = wrapper.application; includeInIndex = 0; path = SpeedyAverage.app; sourceTree = BUILT_PRODUCTS_DIR; };
		F45C69D1195B23D900615E3A /* Info.plist */ = {isa = PBXFileReference; lastKnownFileType = text.plist.xml; path = Info.plist; sourceTree = "<group>"; };
		F45C69D2195B23D900615E3A /* AppDelegate.swift */ = {isa = PBXFileReference; lastKnownFileType = sourcecode.swift; path = AppDelegate.swift; sourceTree = "<group>"; };
		F45C69D4195B23D900615E3A /* Images.xcassets */ = {isa = PBXFileReference; lastKnownFileType = folder.assetcatalog; path = Images.xcassets; sourceTree = "<group>"; };
		F45C69DA195B23D900615E3A /* SpeedyAverageTests.xctest */ = {isa = PBXFileReference; explicitFileType = wrapper.cfbundle; includeInIndex = 0; path = SpeedyAverageTests.xctest; sourceTree = BUILT_PRODUCTS_DIR; };
		F45C69DF195B23D900615E3A /* Info.plist */ = {isa = PBXFileReference; lastKnownFileType = text.plist.xml; path = Info.plist; sourceTree = "<group>"; };
		F45C69E0195B23D900615E3A /* SpeedyAverageTests.swift */ = {isa = PBXFileReference; lastKnownFileType = sourcecode.swift; path = SpeedyAverageTests.swift; sourceTree = "<group>"; };
/* End PBXFileReference section */

/* Begin PBXFrameworksBuildPhase section */
		F45C69CA195B23D900615E3A /* Frameworks */ = {
			isa = PBXFrameworksBuildPhase;
			buildActionMask = 2147483647;
			files = (
			);
			runOnlyForDeploymentPostprocessing = 0;
		};
		F45C69D7195B23D900615E3A /* Frameworks */ = {
			isa = PBXFrameworksBuildPhase;
			buildActionMask = 2147483647;
			files = (
			);
			runOnlyForDeploymentPostprocessing = 0;
		};
/* End PBXFrameworksBuildPhase section */

/* Begin PBXGroup section */
		F45C69C4195B23D900615E3A = {
			isa = PBXGroup;
			children = (
				F45C69CF195B23D900615E3A /* SpeedyAverage */,
				F45C69DD195B23D900615E3A /* SpeedyAverageTests */,
				F45C69CE195B23D900615E3A /* Products */,
			);
			sourceTree = "<group>";
		};
		F45C69CE195B23D900615E3A /* Products */ = {
			isa = PBXGroup;
			children = (
				F45C69CD195B23D900615E3A /* SpeedyAverage.app */,
				F45C69DA195B23D900615E3A /* SpeedyAverageTests.xctest */,
			);
			name = Products;
			sourceTree = "<group>";
		};
		F45C69CF195B23D900615E3A /* SpeedyAverage */ = {
			isa = PBXGroup;
			children = (
				F45C69D2195B23D900615E3A /* AppDelegate.swift */,
				F45C69D4195B23D900615E3A /* Images.xcassets */,
				F45C69D0195B23D900615E3A /* Supporting Files */,
			);
			path = SpeedyAverage;
			sourceTree = "<group>";
		};
		F45C69D0195B23D900615E3A /* Supporting Files */ = {
			isa = PBXGroup;
			children = (
				F45C69D1195B23D900615E3A /* Info.plist */,
			);
			name = "Supporting Files";
			sourceTree = "<group>";
		};
		F45C69DD195B23D900615E3A /* SpeedyAverageTests */ = {
			isa = PBXGroup;
			children = (
				F45C69E0195B23D900615E3A /* SpeedyAverageTests.swift */,
				F45C69DE195B23D900615E3A /* Supporting Files */,
			);
			path = SpeedyAverageTests;
			sourceTree = "<group>";
		};
		F45C69DE195B23D900615E3A /* Supporting Files */ = {
			isa = PBXGroup;
			children = (
				F45C69DF195B23D900615E3A /* Info.plist */,
			);
			name = "Supporting Files";
			sourceTree = "<group>";
		};
/* End PBXGroup section */

/* Begin PBXNativeTarget section */
		F45C69CC195B23D900615E3A /* SpeedyAverage */ = {
			isa = PBXNativeTarget;
			buildConfigurationList = F45C69E4195B23D900615E3A /* Build configuration list for PBXNativeTarget "SpeedyAverage" */;
			buildPhases = (
				F45C69C9195B23D900615E3A /* Sources */,
				F45C69CA195B23D900615E3A /* Frameworks */,
				F45C69CB195B23D900615E3A /* Resources */,
			);
			buildRules = (
			);
			dependencies = (
			);
			name = SpeedyAverage;
			productName = SpeedyAverage;
			productReference = F45C69CD195B23D900615E3A /* SpeedyAverage.app */;
			productType = "com.apple.product-type.application";
		};
		F45C69D9195B23D900615E3A /* SpeedyAverageTests */ = {
			isa = PBXNativeTarget;
			buildConfigurationList = F45C69E7195B23D900615E3A /* Build configuration list for PBXNativeTarget "SpeedyAverageTests" */;
			buildPhases = (
				F45C69D6195B23D900615E3A /* Sources */,
				F45C69D7195B23D900615E3A /* Frameworks */,
				F45C69D8195B23D900615E3A /* Resources */,
			);
			buildRules = (
			);
			dependencies = (
				F45C69DC195B23D900615E3A /* PBXTargetDependency */,
			);
			name = SpeedyAverageTests;
			productName = SpeedyAverageTests;
			productReference = F45C69DA195B23D900615E3A /* SpeedyAverageTests.xctest */;
			productType = "com.apple.product-type.bundle.unit-test";
		};
/* End PBXNativeTarget section */

/* Begin PBXProject section */
		F45C69C5195B23D900615E3A /* Project object */ = {
			isa = PBXProject;
			attributes = {
				LastUpgradeCheck = 0600;
				ORGANIZATIONNAME = ShinobiControls;
				TargetAttributes = {
					F45C69CC195B23D900615E3A = {
						CreatedOnToolsVersion = 6.0;
					};
					F45C69D9195B23D900615E3A = {
						CreatedOnToolsVersion = 6.0;
						TestTargetID = F45C69CC195B23D900615E3A;
					};
				};
			};
			buildConfigurationList = F45C69C8195B23D900615E3A /* Build configuration list for PBXProject "SpeedyAverage" */;
			compatibilityVersion = "Xcode 3.2";
			developmentRegion = English;
			hasScannedForEncodings = 0;
			knownRegions = (
				en,
			);
			mainGroup = F45C69C4195B23D900615E3A;
			productRefGroup = F45C69CE195B23D900615E3A /* Products */;
			projectDirPath = "";
			projectRoot = "";
			targets = (
				F45C69CC195B23D900615E3A /* SpeedyAverage */,
				F45C69D9195B23D900615E3A /* SpeedyAverageTests */,
			);
		};
/* End PBXProject section */

/* Begin PBXResourcesBuildPhase section */
		F45C69CB195B23D900615E3A /* Resources */ = {
			isa = PBXResourcesBuildPhase;
			buildActionMask = 2147483647;
			files = (
				F45C69D5195B23D900615E3A /* Images.xcassets in Resources */,
			);
			runOnlyForDeploymentPostprocessing = 0;
		};
		F45C69D8195B23D900615E3A /* Resources */ = {
			isa = PBXResourcesBuildPhase;
			buildActionMask = 2147483647;
			files = (
			);
			runOnlyForDeploymentPostprocessing = 0;
		};
/* End PBXResourcesBuildPhase section */

/* Begin PBXSourcesBuildPhase section */
		F45C69C9195B23D900615E3A /* Sources */ = {
			isa = PBXSourcesBuildPhase;
			buildActionMask = 2147483647;
			files = (
				F45C69D3195B23D900615E3A /* AppDelegate.swift in Sources */,
			);
			runOnlyForDeploymentPostprocessing = 0;
		};
		F45C69D6195B23D900615E3A /* Sources */ = {
			isa = PBXSourcesBuildPhase;
			buildActionMask = 2147483647;
			files = (
				F45C69E1195B23D900615E3A /* SpeedyAverageTests.swift in Sources */,
			);
			runOnlyForDeploymentPostprocessing = 0;
		};
/* End PBXSourcesBuildPhase section */

/* Begin PBXTargetDependency section */
		F45C69DC195B23D900615E3A /* PBXTargetDependency */ = {
			isa = PBXTargetDependency;
			target = F45C69CC195B23D900615E3A /* SpeedyAverage */;
			targetProxy = F45C69DB195B23D900615E3A /* PBXContainerItemProxy */;
		};
/* End PBXTargetDependency section */

/* Begin XCBuildConfiguration section */
		F45C69E2195B23D900615E3A /* Debug */ = {
			isa = XCBuildConfiguration;
			buildSettings = {
				ALWAYS_SEARCH_USER_PATHS = NO;
				CLANG_CXX_LANGUAGE_STANDARD = "gnu++0x";
				CLANG_CXX_LIBRARY = "libc++";
				CLANG_ENABLE_MODULES = YES;
				CLANG_ENABLE_OBJC_ARC = YES;
				CLANG_WARN_BOOL_CONVERSION = YES;
				CLANG_WARN_CONSTANT_CONVERSION = YES;
				CLANG_WARN_DIRECT_OBJC_ISA_USAGE = YES_ERROR;
				CLANG_WARN_EMPTY_BODY = YES;
				CLANG_WARN_ENUM_CONVERSION = YES;
				CLANG_WARN_INT_CONVERSION = YES;
				CLANG_WARN_OBJC_ROOT_CLASS = YES_ERROR;
				CLANG_WARN_UNREACHABLE_CODE = YES;
				CLANG_WARN__DUPLICATE_METHOD_MATCH = YES;
				"CODE_SIGN_IDENTITY[sdk=iphoneos*]" = "iPhone Developer";
				COPY_PHASE_STRIP = NO;
				ENABLE_STRICT_OBJC_MSGSEND = YES;
				GCC_C_LANGUAGE_STANDARD = gnu99;
				GCC_DYNAMIC_NO_PIC = NO;
				GCC_OPTIMIZATION_LEVEL = 0;
				GCC_PREPROCESSOR_DEFINITIONS = (
					"DEBUG=1",
					"$(inherited)",
				);
				GCC_SYMBOLS_PRIVATE_EXTERN = NO;
				GCC_WARN_64_TO_32_BIT_CONVERSION = YES;
				GCC_WARN_ABOUT_RETURN_TYPE = YES_ERROR;
				GCC_WARN_UNDECLARED_SELECTOR = YES;
				GCC_WARN_UNINITIALIZED_AUTOS = YES_AGGRESSIVE;
				GCC_WARN_UNUSED_FUNCTION = YES;
				GCC_WARN_UNUSED_VARIABLE = YES;
				IPHONEOS_DEPLOYMENT_TARGET = 8.0;
				METAL_ENABLE_DEBUG_INFO = YES;
				ONLY_ACTIVE_ARCH = YES;
				SDKROOT = iphoneos;
				SWIFT_OPTIMIZATION_LEVEL = "-Onone";
				TARGETED_DEVICE_FAMILY = "1,2";
			};
			name = Debug;
		};
		F45C69E3195B23D900615E3A /* Release */ = {
			isa = XCBuildConfiguration;
			buildSettings = {
				ALWAYS_SEARCH_USER_PATHS = NO;
				CLANG_CXX_LANGUAGE_STANDARD = "gnu++0x";
				CLANG_CXX_LIBRARY = "libc++";
				CLANG_ENABLE_MODULES = YES;
				CLANG_ENABLE_OBJC_ARC = YES;
				CLANG_WARN_BOOL_CONVERSION = YES;
				CLANG_WARN_CONSTANT_CONVERSION = YES;
				CLANG_WARN_DIRECT_OBJC_ISA_USAGE = YES_ERROR;
				CLANG_WARN_EMPTY_BODY = YES;
				CLANG_WARN_ENUM_CONVERSION = YES;
				CLANG_WARN_INT_CONVERSION = YES;
				CLANG_WARN_OBJC_ROOT_CLASS = YES_ERROR;
				CLANG_WARN_UNREACHABLE_CODE = YES;
				CLANG_WARN__DUPLICATE_METHOD_MATCH = YES;
				"CODE_SIGN_IDENTITY[sdk=iphoneos*]" = "iPhone Developer";
				COPY_PHASE_STRIP = YES;
				ENABLE_NS_ASSERTIONS = NO;
				ENABLE_STRICT_OBJC_MSGSEND = YES;
				GCC_C_LANGUAGE_STANDARD = gnu99;
				GCC_WARN_64_TO_32_BIT_CONVERSION = YES;
				GCC_WARN_ABOUT_RETURN_TYPE = YES_ERROR;
				GCC_WARN_UNDECLARED_SELECTOR = YES;
				GCC_WARN_UNINITIALIZED_AUTOS = YES_AGGRESSIVE;
				GCC_WARN_UNUSED_FUNCTION = YES;
				GCC_WARN_UNUSED_VARIABLE = YES;
				IPHONEOS_DEPLOYMENT_TARGET = 8.0;
				METAL_ENABLE_DEBUG_INFO = NO;
				SDKROOT = iphoneos;
				TARGETED_DEVICE_FAMILY = "1,2";
				VALIDATE_PRODUCT = YES;
			};
			name = Release;
		};
		F45C69E5195B23D900615E3A /* Debug */ = {
			isa = XCBuildConfiguration;
			buildSettings = {
				ASSETCATALOG_COMPILER_APPICON_NAME = AppIcon;
				ASSETCATALOG_COMPILER_LAUNCHIMAGE_NAME = LaunchImage;
				INFOPLIST_FILE = SpeedyAverage/Info.plist;
				LD_RUNPATH_SEARCH_PATHS = "$(inherited) @executable_path/Frameworks";
				PRODUCT_NAME = "$(TARGET_NAME)";
			};
			name = Debug;
		};
		F45C69E6195B23D900615E3A /* Release */ = {
			isa = XCBuildConfiguration;
			buildSettings = {
				ASSETCATALOG_COMPILER_APPICON_NAME = AppIcon;
				ASSETCATALOG_COMPILER_LAUNCHIMAGE_NAME = LaunchImage;
				INFOPLIST_FILE = SpeedyAverage/Info.plist;
				LD_RUNPATH_SEARCH_PATHS = "$(inherited) @executable_path/Frameworks";
				PRODUCT_NAME = "$(TARGET_NAME)";
			};
			name = Release;
		};
		F45C69E8195B23D900615E3A /* Debug */ = {
			isa = XCBuildConfiguration;
			buildSettings = {
				BUNDLE_LOADER = "$(BUILT_PRODUCTS_DIR)/SpeedyAverage.app/SpeedyAverage";
				FRAMEWORK_SEARCH_PATHS = (
					"$(SDKROOT)/Developer/Library/Frameworks",
					"$(inherited)",
				);
				GCC_PREPROCESSOR_DEFINITIONS = (
					"DEBUG=1",
					"$(inherited)",
				);
				INFOPLIST_FILE = SpeedyAverageTests/Info.plist;
				LD_RUNPATH_SEARCH_PATHS = "$(inherited) @executable_path/Frameworks @loader_path/Frameworks";
				METAL_ENABLE_DEBUG_INFO = YES;
				PRODUCT_NAME = "$(TARGET_NAME)";
				TEST_HOST = "$(BUNDLE_LOADER)";
			};
			name = Debug;
		};
		F45C69E9195B23D900615E3A /* Release */ = {
			isa = XCBuildConfiguration;
			buildSettings = {
				BUNDLE_LOADER = "$(BUILT_PRODUCTS_DIR)/SpeedyAverage.app/SpeedyAverage";
				FRAMEWORK_SEARCH_PATHS = (
					"$(SDKROOT)/Developer/Library/Frameworks",
					"$(inherited)",
				);
				INFOPLIST_FILE = SpeedyAverageTests/Info.plist;
				LD_RUNPATH_SEARCH_PATHS = "$(inherited) @executable_path/Frameworks @loader_path/Frameworks";
				METAL_ENABLE_DEBUG_INFO = NO;
				PRODUCT_NAME = "$(TARGET_NAME)";
				TEST_HOST = "$(BUNDLE_LOADER)";
			};
			name = Release;
		};
/* End XCBuildConfiguration section */

/* Begin XCConfigurationList section */
		F45C69C8195B23D900615E3A /* Build configuration list for PBXProject "SpeedyAverage" */ = {
			isa = XCConfigurationList;
			buildConfigurations = (
				F45C69E2195B23D900615E3A /* Debug */,
				F45C69E3195B23D900615E3A /* Release */,
			);
			defaultConfigurationIsVisible = 0;
			defaultConfigurationName = Release;
		};
		F45C69E4195B23D900615E3A /* Build configuration list for PBXNativeTarget "SpeedyAverage" */ = {
			isa = XCConfigurationList;
			buildConfigurations = (
				F45C69E5195B23D900615E3A /* Debug */,
				F45C69E6195B23D900615E3A /* Release */,
			);
			defaultConfigurationIsVisible = 0;
		};
		F45C69E7195B23D900615E3A /* Build configuration list for PBXNativeTarget "SpeedyAverageTests" */ = {
			isa = XCConfigurationList;
			buildConfigurations = (
				F45C69E8195B23D900615E3A /* Debug */,
				F45C69E9195B23D900615E3A /* Release */,
			);
			defaultConfigurationIsVisible = 0;
		};
/* End XCConfigurationList section */
	};
	rootObject = F45C69C5195B23D900615E3A /* Project object */;
}
