// !$*UTF8*$!
{
	archiveVersion = 1;
	classes = {
	};
	objectVersion = 46;
	objects = {

/* Begin PBXBuildFile section */
		2283351619F663B800F396C5 /* AppDelegate.swift in Sources */ = {isa = PBXBuildFile; fileRef = 2283351519F663B800F396C5 /* AppDelegate.swift */; };
		2283351819F663B800F396C5 /* ViewController.swift in Sources */ = {isa = PBXBuildFile; fileRef = 2283351719F663B800F396C5 /* ViewController.swift */; };
		2283351B19F663B800F396C5 /* Main.storyboard in Resources */ = {isa = PBXBuildFile; fileRef = 2283351919F663B800F396C5 /* Main.storyboard */; };
		2283351D19F663B800F396C5 /* Images.xcassets in Resources */ = {isa = PBXBuildFile; fileRef = 2283351C19F663B800F396C5 /* Images.xcassets */; };
		2283352019F663B800F396C5 /* LaunchScreen.xib in Resources */ = {isa = PBXBuildFile; fileRef = 2283351E19F663B800F396C5 /* LaunchScreen.xib */; };
		2283352C19F663B800F396C5 /* WordTilesTests.swift in Sources */ = {isa = PBXBuildFile; fileRef = 2283352B19F663B800F396C5 /* WordTilesTests.swift */; };
		2283353619F674AE00F396C5 /* WordTileCollectionViewCell.swift in Sources */ = {isa = PBXBuildFile; fileRef = 2283353519F674AE00F396C5 /* WordTileCollectionViewCell.swift */; };
		2283353819F688DE00F396C5 /* words.txt in Resources */ = {isa = PBXBuildFile; fileRef = 2283353719F688DE00F396C5 /* words.txt */; };
		2283353A19F6893000F396C5 /* WordList.swift in Sources */ = {isa = PBXBuildFile; fileRef = 2283353919F6893000F396C5 /* WordList.swift */; };
/* End PBXBuildFile section */

/* Begin PBXContainerItemProxy section */
		2283352619F663B800F396C5 /* PBXContainerItemProxy */ = {
			isa = PBXContainerItemProxy;
			containerPortal = 2283350819F663B700F396C5 /* Project object */;
			proxyType = 1;
			remoteGlobalIDString = 2283350F19F663B700F396C5;
			remoteInfo = WordTiles;
		};
/* End PBXContainerItemProxy section */

/* Begin PBXFileReference section */
		2283351019F663B800F396C5 /* WordTiles.app */ = {isa = PBXFileReference; explicitFileType = wrapper.application; includeInIndex = 0; path = WordTiles.app; sourceTree = BUILT_PRODUCTS_DIR; };
		2283351419F663B800F396C5 /* Info.plist */ = {isa = PBXFileReference; lastKnownFileType = text.plist.xml; path = Info.plist; sourceTree = "<group>"; };
		2283351519F663B800F396C5 /* AppDelegate.swift */ = {isa = PBXFileReference; lastKnownFileType = sourcecode.swift; path = AppDelegate.swift; sourceTree = "<group>"; };
		2283351719F663B800F396C5 /* ViewController.swift */ = {isa = PBXFileReference; lastKnownFileType = sourcecode.swift; path = ViewController.swift; sourceTree = "<group>"; };
		2283351A19F663B800F396C5 /* Base */ = {isa = PBXFileReference; lastKnownFileType = file.storyboard; name = Base; path = Base.lproj/Main.storyboard; sourceTree = "<group>"; };
		2283351C19F663B800F396C5 /* Images.xcassets */ = {isa = PBXFileReference; lastKnownFileType = folder.assetcatalog; path = Images.xcassets; sourceTree = "<group>"; };
		2283351F19F663B800F396C5 /* Base */ = {isa = PBXFileReference; lastKnownFileType = file.xib; name = Base; path = Base.lproj/LaunchScreen.xib; sourceTree = "<group>"; };
		2283352519F663B800F396C5 /* WordTilesTests.xctest */ = {isa = PBXFileReference; explicitFileType = wrapper.cfbundle; includeInIndex = 0; path = WordTilesTests.xctest; sourceTree = BUILT_PRODUCTS_DIR; };
		2283352A19F663B800F396C5 /* Info.plist */ = {isa = PBXFileReference; lastKnownFileType = text.plist.xml; path = Info.plist; sourceTree = "<group>"; };
		2283352B19F663B800F396C5 /* WordTilesTests.swift */ = {isa = PBXFileReference; lastKnownFileType = sourcecode.swift; path = WordTilesTests.swift; sourceTree = "<group>"; };
		2283353519F674AE00F396C5 /* WordTileCollectionViewCell.swift */ = {isa = PBXFileReference; fileEncoding = 4; lastKnownFileType = sourcecode.swift; path = WordTileCollectionViewCell.swift; sourceTree = "<group>"; };
		2283353719F688DE00F396C5 /* words.txt */ = {isa = PBXFileReference; fileEncoding = 4; lastKnownFileType = text; path = words.txt; sourceTree = "<group>"; };
		2283353919F6893000F396C5 /* WordList.swift */ = {isa = PBXFileReference; fileEncoding = 4; lastKnownFileType = sourcecode.swift; path = WordList.swift; sourceTree = "<group>"; };
/* End PBXFileReference section */

/* Begin PBXFrameworksBuildPhase section */
		2283350D19F663B700F396C5 /* Frameworks */ = {
			isa = PBXFrameworksBuildPhase;
			buildActionMask = 2147483647;
			files = (
			);
			runOnlyForDeploymentPostprocessing = 0;
		};
		2283352219F663B800F396C5 /* Frameworks */ = {
			isa = PBXFrameworksBuildPhase;
			buildActionMask = 2147483647;
			files = (
			);
			runOnlyForDeploymentPostprocessing = 0;
		};
/* End PBXFrameworksBuildPhase section */

/* Begin PBXGroup section */
		2283350719F663B700F396C5 = {
			isa = PBXGroup;
			children = (
				2283351219F663B800F396C5 /* WordTiles */,
				2283352819F663B800F396C5 /* WordTilesTests */,
				2283351119F663B800F396C5 /* Products */,
			);
			sourceTree = "<group>";
		};
		2283351119F663B800F396C5 /* Products */ = {
			isa = PBXGroup;
			children = (
				2283351019F663B800F396C5 /* WordTiles.app */,
				2283352519F663B800F396C5 /* WordTilesTests.xctest */,
			);
			name = Products;
			sourceTree = "<group>";
		};
		2283351219F663B800F396C5 /* WordTiles */ = {
			isa = PBXGroup;
			children = (
				2283351519F663B800F396C5 /* AppDelegate.swift */,
				2283351719F663B800F396C5 /* ViewController.swift */,
				2283353519F674AE00F396C5 /* WordTileCollectionViewCell.swift */,
				2283351919F663B800F396C5 /* Main.storyboard */,
				2283351C19F663B800F396C5 /* Images.xcassets */,
				2283351E19F663B800F396C5 /* LaunchScreen.xib */,
				2283351319F663B800F396C5 /* Supporting Files */,
				2283353719F688DE00F396C5 /* words.txt */,
				2283353919F6893000F396C5 /* WordList.swift */,
			);
			path = WordTiles;
			sourceTree = "<group>";
		};
		2283351319F663B800F396C5 /* Supporting Files */ = {
			isa = PBXGroup;
			children = (
				2283351419F663B800F396C5 /* Info.plist */,
			);
			name = "Supporting Files";
			sourceTree = "<group>";
		};
		2283352819F663B800F396C5 /* WordTilesTests */ = {
			isa = PBXGroup;
			children = (
				2283352B19F663B800F396C5 /* WordTilesTests.swift */,
				2283352919F663B800F396C5 /* Supporting Files */,
			);
			path = WordTilesTests;
			sourceTree = "<group>";
		};
		2283352919F663B800F396C5 /* Supporting Files */ = {
			isa = PBXGroup;
			children = (
				2283352A19F663B800F396C5 /* Info.plist */,
			);
			name = "Supporting Files";
			sourceTree = "<group>";
		};
/* End PBXGroup section */

/* Begin PBXNativeTarget section */
		2283350F19F663B700F396C5 /* WordTiles */ = {
			isa = PBXNativeTarget;
			buildConfigurationList = 2283352F19F663B800F396C5 /* Build configuration list for PBXNativeTarget "WordTiles" */;
			buildPhases = (
				2283350C19F663B700F396C5 /* Sources */,
				2283350D19F663B700F396C5 /* Frameworks */,
				2283350E19F663B700F396C5 /* Resources */,
			);
			buildRules = (
			);
			dependencies = (
			);
			name = WordTiles;
			productName = WordTiles;
			productReference = 2283351019F663B800F396C5 /* WordTiles.app */;
			productType = "com.apple.product-type.application";
		};
		2283352419F663B800F396C5 /* WordTilesTests */ = {
			isa = PBXNativeTarget;
			buildConfigurationList = 2283353219F663B800F396C5 /* Build configuration list for PBXNativeTarget "WordTilesTests" */;
			buildPhases = (
				2283352119F663B800F396C5 /* Sources */,
				2283352219F663B800F396C5 /* Frameworks */,
				2283352319F663B800F396C5 /* Resources */,
			);
			buildRules = (
			);
			dependencies = (
				2283352719F663B800F396C5 /* PBXTargetDependency */,
			);
			name = WordTilesTests;
			productName = WordTilesTests;
			productReference = 2283352519F663B800F396C5 /* WordTilesTests.xctest */;
			productType = "com.apple.product-type.bundle.unit-test";
		};
/* End PBXNativeTarget section */

/* Begin PBXProject section */
		2283350819F663B700F396C5 /* Project object */ = {
			isa = PBXProject;
			attributes = {
				LastUpgradeCheck = 0610;
				ORGANIZATIONNAME = ShinobiControls;
				TargetAttributes = {
					2283350F19F663B700F396C5 = {
						CreatedOnToolsVersion = 6.1;
					};
					2283352419F663B800F396C5 = {
						CreatedOnToolsVersion = 6.1;
						TestTargetID = 2283350F19F663B700F396C5;
					};
				};
			};
			buildConfigurationList = 2283350B19F663B700F396C5 /* Build configuration list for PBXProject "WordTiles" */;
			compatibilityVersion = "Xcode 3.2";
			developmentRegion = English;
			hasScannedForEncodings = 0;
			knownRegions = (
				en,
				Base,
			);
			mainGroup = 2283350719F663B700F396C5;
			productRefGroup = 2283351119F663B800F396C5 /* Products */;
			projectDirPath = "";
			projectRoot = "";
			targets = (
				2283350F19F663B700F396C5 /* WordTiles */,
				2283352419F663B800F396C5 /* WordTilesTests */,
			);
		};
/* End PBXProject section */

/* Begin PBXResourcesBuildPhase section */
		2283350E19F663B700F396C5 /* Resources */ = {
			isa = PBXResourcesBuildPhase;
			buildActionMask = 2147483647;
			files = (
				2283351B19F663B800F396C5 /* Main.storyboard in Resources */,
				2283352019F663B800F396C5 /* LaunchScreen.xib in Resources */,
				2283353819F688DE00F396C5 /* words.txt in Resources */,
				2283351D19F663B800F396C5 /* Images.xcassets in Resources */,
			);
			runOnlyForDeploymentPostprocessing = 0;
		};
		2283352319F663B800F396C5 /* Resources */ = {
			isa = PBXResourcesBuildPhase;
			buildActionMask = 2147483647;
			files = (
			);
			runOnlyForDeploymentPostprocessing = 0;
		};
/* End PBXResourcesBuildPhase section */

/* Begin PBXSourcesBuildPhase section */
		2283350C19F663B700F396C5 /* Sources */ = {
			isa = PBXSourcesBuildPhase;
			buildActionMask = 2147483647;
			files = (
				2283351819F663B800F396C5 /* ViewController.swift in Sources */,
				2283353A19F6893000F396C5 /* WordList.swift in Sources */,
				2283353619F674AE00F396C5 /* WordTileCollectionViewCell.swift in Sources */,
				2283351619F663B800F396C5 /* AppDelegate.swift in Sources */,
			);
			runOnlyForDeploymentPostprocessing = 0;
		};
		2283352119F663B800F396C5 /* Sources */ = {
			isa = PBXSourcesBuildPhase;
			buildActionMask = 2147483647;
			files = (
				2283352C19F663B800F396C5 /* WordTilesTests.swift in Sources */,
			);
			runOnlyForDeploymentPostprocessing = 0;
		};
/* End PBXSourcesBuildPhase section */

/* Begin PBXTargetDependency section */
		2283352719F663B800F396C5 /* PBXTargetDependency */ = {
			isa = PBXTargetDependency;
			target = 2283350F19F663B700F396C5 /* WordTiles */;
			targetProxy = 2283352619F663B800F396C5 /* PBXContainerItemProxy */;
		};
/* End PBXTargetDependency section */

/* Begin PBXVariantGroup section */
		2283351919F663B800F396C5 /* Main.storyboard */ = {
			isa = PBXVariantGroup;
			children = (
				2283351A19F663B800F396C5 /* Base */,
			);
			name = Main.storyboard;
			sourceTree = "<group>";
		};
		2283351E19F663B800F396C5 /* LaunchScreen.xib */ = {
			isa = PBXVariantGroup;
			children = (
				2283351F19F663B800F396C5 /* Base */,
			);
			name = LaunchScreen.xib;
			sourceTree = "<group>";
		};
/* End PBXVariantGroup section */

/* Begin XCBuildConfiguration section */
		2283352D19F663B800F396C5 /* Debug */ = {
			isa = XCBuildConfiguration;
			buildSettings = {
				ALWAYS_SEARCH_USER_PATHS = NO;
				CLANG_CXX_LANGUAGE_STANDARD = "gnu++0x";
				CLANG_CXX_LIBRARY = "libc++";
				CLANG_ENABLE_MODULES = YES;
				CLANG_ENABLE_OBJC_ARC = YES;
				CLANG_WARN_BOOL_CONVERSION = YES;
				CLANG_WARN_CONSTANT_CONVERSION = YES;
				CLANG_WARN_DIRECT_OBJC_ISA_USAGE = YES_ERROR;
				CLANG_WARN_EMPTY_BODY = YES;
				CLANG_WARN_ENUM_CONVERSION = YES;
				CLANG_WARN_INT_CONVERSION = YES;
				CLANG_WARN_OBJC_ROOT_CLASS = YES_ERROR;
				CLANG_WARN_UNREACHABLE_CODE = YES;
				CLANG_WARN__DUPLICATE_METHOD_MATCH = YES;
				"CODE_SIGN_IDENTITY[sdk=iphoneos*]" = "iPhone Developer";
				COPY_PHASE_STRIP = NO;
				ENABLE_STRICT_OBJC_MSGSEND = YES;
				GCC_C_LANGUAGE_STANDARD = gnu99;
				GCC_DYNAMIC_NO_PIC = NO;
				GCC_OPTIMIZATION_LEVEL = 0;
				GCC_PREPROCESSOR_DEFINITIONS = (
					"DEBUG=1",
					"$(inherited)",
				);
				GCC_SYMBOLS_PRIVATE_EXTERN = NO;
				GCC_WARN_64_TO_32_BIT_CONVERSION = YES;
				GCC_WARN_ABOUT_RETURN_TYPE = YES_ERROR;
				GCC_WARN_UNDECLARED_SELECTOR = YES;
				GCC_WARN_UNINITIALIZED_AUTOS = YES_AGGRESSIVE;
				GCC_WARN_UNUSED_FUNCTION = YES;
				GCC_WARN_UNUSED_VARIABLE = YES;
				IPHONEOS_DEPLOYMENT_TARGET = 8.1;
				MTL_ENABLE_DEBUG_INFO = YES;
				ONLY_ACTIVE_ARCH = YES;
				SDKROOT = iphoneos;
				SWIFT_OPTIMIZATION_LEVEL = "-Onone";
				TARGETED_DEVICE_FAMILY = "1,2";
			};
			name = Debug;
		};
		2283352E19F663B800F396C5 /* Release */ = {
			isa = XCBuildConfiguration;
			buildSettings = {
				ALWAYS_SEARCH_USER_PATHS = NO;
				CLANG_CXX_LANGUAGE_STANDARD = "gnu++0x";
				CLANG_CXX_LIBRARY = "libc++";
				CLANG_ENABLE_MODULES = YES;
				CLANG_ENABLE_OBJC_ARC = YES;
				CLANG_WARN_BOOL_CONVERSION = YES;
				CLANG_WARN_CONSTANT_CONVERSION = YES;
				CLANG_WARN_DIRECT_OBJC_ISA_USAGE = YES_ERROR;
				CLANG_WARN_EMPTY_BODY = YES;
				CLANG_WARN_ENUM_CONVERSION = YES;
				CLANG_WARN_INT_CONVERSION = YES;
				CLANG_WARN_OBJC_ROOT_CLASS = YES_ERROR;
				CLANG_WARN_UNREACHABLE_CODE = YES;
				CLANG_WARN__DUPLICATE_METHOD_MATCH = YES;
				"CODE_SIGN_IDENTITY[sdk=iphoneos*]" = "iPhone Developer";
				COPY_PHASE_STRIP = YES;
				ENABLE_NS_ASSERTIONS = NO;
				ENABLE_STRICT_OBJC_MSGSEND = YES;
				GCC_C_LANGUAGE_STANDARD = gnu99;
				GCC_WARN_64_TO_32_BIT_CONVERSION = YES;
				GCC_WARN_ABOUT_RETURN_TYPE = YES_ERROR;
				GCC_WARN_UNDECLARED_SELECTOR = YES;
				GCC_WARN_UNINITIALIZED_AUTOS = YES_AGGRESSIVE;
				GCC_WARN_UNUSED_FUNCTION = YES;
				GCC_WARN_UNUSED_VARIABLE = YES;
				IPHONEOS_DEPLOYMENT_TARGET = 8.1;
				MTL_ENABLE_DEBUG_INFO = NO;
				SDKROOT = iphoneos;
				TARGETED_DEVICE_FAMILY = "1,2";
				VALIDATE_PRODUCT = YES;
			};
			name = Release;
		};
		2283353019F663B800F396C5 /* Debug */ = {
			isa = XCBuildConfiguration;
			buildSettings = {
				ASSETCATALOG_COMPILER_APPICON_NAME = AppIcon;
				INFOPLIST_FILE = WordTiles/Info.plist;
				LD_RUNPATH_SEARCH_PATHS = "$(inherited) @executable_path/Frameworks";
				PRODUCT_NAME = "$(TARGET_NAME)";
			};
			name = Debug;
		};
		2283353119F663B800F396C5 /* Release */ = {
			isa = XCBuildConfiguration;
			buildSettings = {
				ASSETCATALOG_COMPILER_APPICON_NAME = AppIcon;
				INFOPLIST_FILE = WordTiles/Info.plist;
				LD_RUNPATH_SEARCH_PATHS = "$(inherited) @executable_path/Frameworks";
				PRODUCT_NAME = "$(TARGET_NAME)";
			};
			name = Release;
		};
		2283353319F663B800F396C5 /* Debug */ = {
			isa = XCBuildConfiguration;
			buildSettings = {
				BUNDLE_LOADER = "$(TEST_HOST)";
				FRAMEWORK_SEARCH_PATHS = (
					"$(SDKROOT)/Developer/Library/Frameworks",
					"$(inherited)",
				);
				GCC_PREPROCESSOR_DEFINITIONS = (
					"DEBUG=1",
					"$(inherited)",
				);
				INFOPLIST_FILE = WordTilesTests/Info.plist;
				LD_RUNPATH_SEARCH_PATHS = "$(inherited) @executable_path/Frameworks @loader_path/Frameworks";
				PRODUCT_NAME = "$(TARGET_NAME)";
				TEST_HOST = "$(BUILT_PRODUCTS_DIR)/WordTiles.app/WordTiles";
			};
			name = Debug;
		};
		2283353419F663B800F396C5 /* Release */ = {
			isa = XCBuildConfiguration;
			buildSettings = {
				BUNDLE_LOADER = "$(TEST_HOST)";
				FRAMEWORK_SEARCH_PATHS = (
					"$(SDKROOT)/Developer/Library/Frameworks",
					"$(inherited)",
				);
				INFOPLIST_FILE = WordTilesTests/Info.plist;
				LD_RUNPATH_SEARCH_PATHS = "$(inherited) @executable_path/Frameworks @loader_path/Frameworks";
				PRODUCT_NAME = "$(TARGET_NAME)";
				TEST_HOST = "$(BUILT_PRODUCTS_DIR)/WordTiles.app/WordTiles";
			};
			name = Release;
		};
/* End XCBuildConfiguration section */

/* Begin XCConfigurationList section */
		2283350B19F663B700F396C5 /* Build configuration list for PBXProject "WordTiles" */ = {
			isa = XCConfigurationList;
			buildConfigurations = (
				2283352D19F663B800F396C5 /* Debug */,
				2283352E19F663B800F396C5 /* Release */,
			);
			defaultConfigurationIsVisible = 0;
			defaultConfigurationName = Release;
		};
		2283352F19F663B800F396C5 /* Build configuration list for PBXNativeTarget "WordTiles" */ = {
			isa = XCConfigurationList;
			buildConfigurations = (
				2283353019F663B800F396C5 /* Debug */,
				2283353119F663B800F396C5 /* Release */,
			);
			defaultConfigurationIsVisible = 0;
			defaultConfigurationName = Release;
		};
		2283353219F663B800F396C5 /* Build configuration list for PBXNativeTarget "WordTilesTests" */ = {
			isa = XCConfigurationList;
			buildConfigurations = (
				2283353319F663B800F396C5 /* Debug */,
				2283353419F663B800F396C5 /* Release */,
			);
			defaultConfigurationIsVisible = 0;
			defaultConfigurationName = Release;
		};
/* End XCConfigurationList section */
	};
	rootObject = 2283350819F663B700F396C5 /* Project object */;
}
