// !$*UTF8*$!
{
	archiveVersion = 1;
	classes = {
	};
	objectVersion = 46;
	objects = {

/* Begin PBXBuildFile section */
		22029C561993CC7200EDCAC3 /* AppDelegate.swift in Sources */ = {isa = PBXBuildFile; fileRef = 22029C551993CC7200EDCAC3 /* AppDelegate.swift */; };
		22029C581993CC7200EDCAC3 /* ChromaKeyViewController.swift in Sources */ = {isa = PBXBuildFile; fileRef = 22029C571993CC7200EDCAC3 /* ChromaKeyViewController.swift */; };
		22029C5B1993CC7200EDCAC3 /* Main.storyboard in Resources */ = {isa = PBXBuildFile; fileRef = 22029C591993CC7200EDCAC3 /* Main.storyboard */; };
		22029C5D1993CC7200EDCAC3 /* Images.xcassets in Resources */ = {isa = PBXBuildFile; fileRef = 22029C5C1993CC7200EDCAC3 /* Images.xcassets */; };
		22029C691993CC7200EDCAC3 /* FilterBuilderTests.swift in Sources */ = {isa = PBXBuildFile; fileRef = 22029C681993CC7200EDCAC3 /* FilterBuilderTests.swift */; };
		22029C741993CD8500EDCAC3 /* ChromaKeyFilter.swift in Sources */ = {isa = PBXBuildFile; fileRef = 22029C731993CD8500EDCAC3 /* ChromaKeyFilter.swift */; };
		22029C771993ED4E00EDCAC3 /* MedianFilter.swift in Sources */ = {isa = PBXBuildFile; fileRef = 22029C761993ED4E00EDCAC3 /* MedianFilter.swift */; };
		22029C791993EDD100EDCAC3 /* MedianViewController.swift in Sources */ = {isa = PBXBuildFile; fileRef = 22029C781993EDD100EDCAC3 /* MedianViewController.swift */; };
/* End PBXBuildFile section */

/* Begin PBXContainerItemProxy section */
		22029C631993CC7200EDCAC3 /* PBXContainerItemProxy */ = {
			isa = PBXContainerItemProxy;
			containerPortal = 22029C481993CC7200EDCAC3 /* Project object */;
			proxyType = 1;
			remoteGlobalIDString = 22029C4F1993CC7200EDCAC3;
			remoteInfo = FilterBuilder;
		};
/* End PBXContainerItemProxy section */

/* Begin PBXFileReference section */
		22029C501993CC7200EDCAC3 /* FilterBuilder.app */ = {isa = PBXFileReference; explicitFileType = wrapper.application; includeInIndex = 0; path = FilterBuilder.app; sourceTree = BUILT_PRODUCTS_DIR; };
		22029C541993CC7200EDCAC3 /* Info.plist */ = {isa = PBXFileReference; lastKnownFileType = text.plist.xml; path = Info.plist; sourceTree = "<group>"; };
		22029C551993CC7200EDCAC3 /* AppDelegate.swift */ = {isa = PBXFileReference; lastKnownFileType = sourcecode.swift; path = AppDelegate.swift; sourceTree = "<group>"; };
		22029C571993CC7200EDCAC3 /* ChromaKeyViewController.swift */ = {isa = PBXFileReference; lastKnownFileType = sourcecode.swift; path = ChromaKeyViewController.swift; sourceTree = "<group>"; };
		22029C5A1993CC7200EDCAC3 /* Base */ = {isa = PBXFileReference; lastKnownFileType = file.storyboard; name = Base; path = Base.lproj/Main.storyboard; sourceTree = "<group>"; };
		22029C5C1993CC7200EDCAC3 /* Images.xcassets */ = {isa = PBXFileReference; lastKnownFileType = folder.assetcatalog; path = Images.xcassets; sourceTree = "<group>"; };
		22029C621993CC7200EDCAC3 /* FilterBuilderTests.xctest */ = {isa = PBXFileReference; explicitFileType = wrapper.cfbundle; includeInIndex = 0; path = FilterBuilderTests.xctest; sourceTree = BUILT_PRODUCTS_DIR; };
		22029C671993CC7200EDCAC3 /* Info.plist */ = {isa = PBXFileReference; lastKnownFileType = text.plist.xml; path = Info.plist; sourceTree = "<group>"; };
		22029C681993CC7200EDCAC3 /* FilterBuilderTests.swift */ = {isa = PBXFileReference; lastKnownFileType = sourcecode.swift; path = FilterBuilderTests.swift; sourceTree = "<group>"; };
		22029C731993CD8500EDCAC3 /* ChromaKeyFilter.swift */ = {isa = PBXFileReference; fileEncoding = 4; lastKnownFileType = sourcecode.swift; path = ChromaKeyFilter.swift; sourceTree = "<group>"; };
		22029C761993ED4E00EDCAC3 /* MedianFilter.swift */ = {isa = PBXFileReference; fileEncoding = 4; lastKnownFileType = sourcecode.swift; path = MedianFilter.swift; sourceTree = "<group>"; };
		22029C781993EDD100EDCAC3 /* MedianViewController.swift */ = {isa = PBXFileReference; fileEncoding = 4; lastKnownFileType = sourcecode.swift; path = MedianViewController.swift; sourceTree = "<group>"; };
/* End PBXFileReference section */

/* Begin PBXFrameworksBuildPhase section */
		22029C4D1993CC7200EDCAC3 /* Frameworks */ = {
			isa = PBXFrameworksBuildPhase;
			buildActionMask = 2147483647;
			files = (
			);
			runOnlyForDeploymentPostprocessing = 0;
		};
		22029C5F1993CC7200EDCAC3 /* Frameworks */ = {
			isa = PBXFrameworksBuildPhase;
			buildActionMask = 2147483647;
			files = (
			);
			runOnlyForDeploymentPostprocessing = 0;
		};
/* End PBXFrameworksBuildPhase section */

/* Begin PBXGroup section */
		22029C471993CC7200EDCAC3 = {
			isa = PBXGroup;
			children = (
				22029C521993CC7200EDCAC3 /* FilterBuilder */,
				22029C651993CC7200EDCAC3 /* FilterBuilderTests */,
				22029C511993CC7200EDCAC3 /* Products */,
			);
			sourceTree = "<group>";
		};
		22029C511993CC7200EDCAC3 /* Products */ = {
			isa = PBXGroup;
			children = (
				22029C501993CC7200EDCAC3 /* FilterBuilder.app */,
				22029C621993CC7200EDCAC3 /* FilterBuilderTests.xctest */,
			);
			name = Products;
			sourceTree = "<group>";
		};
		22029C521993CC7200EDCAC3 /* FilterBuilder */ = {
			isa = PBXGroup;
			children = (
				22029C751993ED3E00EDCAC3 /* Median */,
				22029C721993CD5A00EDCAC3 /* ChromaKey */,
				22029C551993CC7200EDCAC3 /* AppDelegate.swift */,
				22029C591993CC7200EDCAC3 /* Main.storyboard */,
				22029C5C1993CC7200EDCAC3 /* Images.xcassets */,
				22029C531993CC7200EDCAC3 /* Supporting Files */,
			);
			path = FilterBuilder;
			sourceTree = "<group>";
		};
		22029C531993CC7200EDCAC3 /* Supporting Files */ = {
			isa = PBXGroup;
			children = (
				22029C541993CC7200EDCAC3 /* Info.plist */,
			);
			name = "Supporting Files";
			sourceTree = "<group>";
		};
		22029C651993CC7200EDCAC3 /* FilterBuilderTests */ = {
			isa = PBXGroup;
			children = (
				22029C681993CC7200EDCAC3 /* FilterBuilderTests.swift */,
				22029C661993CC7200EDCAC3 /* Supporting Files */,
			);
			path = FilterBuilderTests;
			sourceTree = "<group>";
		};
		22029C661993CC7200EDCAC3 /* Supporting Files */ = {
			isa = PBXGroup;
			children = (
				22029C671993CC7200EDCAC3 /* Info.plist */,
			);
			name = "Supporting Files";
			sourceTree = "<group>";
		};
		22029C721993CD5A00EDCAC3 /* ChromaKey */ = {
			isa = PBXGroup;
			children = (
				22029C571993CC7200EDCAC3 /* ChromaKeyViewController.swift */,
				22029C731993CD8500EDCAC3 /* ChromaKeyFilter.swift */,
			);
			name = ChromaKey;
			sourceTree = "<group>";
		};
		22029C751993ED3E00EDCAC3 /* Median */ = {
			isa = PBXGroup;
			children = (
				22029C761993ED4E00EDCAC3 /* MedianFilter.swift */,
				22029C781993EDD100EDCAC3 /* MedianViewController.swift */,
			);
			name = Median;
			sourceTree = "<group>";
		};
/* End PBXGroup section */

/* Begin PBXNativeTarget section */
		22029C4F1993CC7200EDCAC3 /* FilterBuilder */ = {
			isa = PBXNativeTarget;
			buildConfigurationList = 22029C6C1993CC7200EDCAC3 /* Build configuration list for PBXNativeTarget "FilterBuilder" */;
			buildPhases = (
				22029C4C1993CC7200EDCAC3 /* Sources */,
				22029C4D1993CC7200EDCAC3 /* Frameworks */,
				22029C4E1993CC7200EDCAC3 /* Resources */,
			);
			buildRules = (
			);
			dependencies = (
			);
			name = FilterBuilder;
			productName = FilterBuilder;
			productReference = 22029C501993CC7200EDCAC3 /* FilterBuilder.app */;
			productType = "com.apple.product-type.application";
		};
		22029C611993CC7200EDCAC3 /* FilterBuilderTests */ = {
			isa = PBXNativeTarget;
			buildConfigurationList = 22029C6F1993CC7200EDCAC3 /* Build configuration list for PBXNativeTarget "FilterBuilderTests" */;
			buildPhases = (
				22029C5E1993CC7200EDCAC3 /* Sources */,
				22029C5F1993CC7200EDCAC3 /* Frameworks */,
				22029C601993CC7200EDCAC3 /* Resources */,
			);
			buildRules = (
			);
			dependencies = (
				22029C641993CC7200EDCAC3 /* PBXTargetDependency */,
			);
			name = FilterBuilderTests;
			productName = FilterBuilderTests;
			productReference = 22029C621993CC7200EDCAC3 /* FilterBuilderTests.xctest */;
			productType = "com.apple.product-type.bundle.unit-test";
		};
/* End PBXNativeTarget section */

/* Begin PBXProject section */
		22029C481993CC7200EDCAC3 /* Project object */ = {
			isa = PBXProject;
			attributes = {
				LastUpgradeCheck = 0600;
				ORGANIZATIONNAME = ShinobiControls;
				TargetAttributes = {
					22029C4F1993CC7200EDCAC3 = {
						CreatedOnToolsVersion = 6.0;
					};
					22029C611993CC7200EDCAC3 = {
						CreatedOnToolsVersion = 6.0;
						TestTargetID = 22029C4F1993CC7200EDCAC3;
					};
				};
			};
			buildConfigurationList = 22029C4B1993CC7200EDCAC3 /* Build configuration list for PBXProject "FilterBuilder" */;
			compatibilityVersion = "Xcode 3.2";
			developmentRegion = English;
			hasScannedForEncodings = 0;
			knownRegions = (
				en,
				Base,
			);
			mainGroup = 22029C471993CC7200EDCAC3;
			productRefGroup = 22029C511993CC7200EDCAC3 /* Products */;
			projectDirPath = "";
			projectRoot = "";
			targets = (
				22029C4F1993CC7200EDCAC3 /* FilterBuilder */,
				22029C611993CC7200EDCAC3 /* FilterBuilderTests */,
			);
		};
/* End PBXProject section */

/* Begin PBXResourcesBuildPhase section */
		22029C4E1993CC7200EDCAC3 /* Resources */ = {
			isa = PBXResourcesBuildPhase;
			buildActionMask = 2147483647;
			files = (
				22029C5B1993CC7200EDCAC3 /* Main.storyboard in Resources */,
				22029C5D1993CC7200EDCAC3 /* Images.xcassets in Resources */,
			);
			runOnlyForDeploymentPostprocessing = 0;
		};
		22029C601993CC7200EDCAC3 /* Resources */ = {
			isa = PBXResourcesBuildPhase;
			buildActionMask = 2147483647;
			files = (
			);
			runOnlyForDeploymentPostprocessing = 0;
		};
/* End PBXResourcesBuildPhase section */

/* Begin PBXSourcesBuildPhase section */
		22029C4C1993CC7200EDCAC3 /* Sources */ = {
			isa = PBXSourcesBuildPhase;
			buildActionMask = 2147483647;
			files = (
				22029C791993EDD100EDCAC3 /* MedianViewController.swift in Sources */,
				22029C741993CD8500EDCAC3 /* ChromaKeyFilter.swift in Sources */,
				22029C771993ED4E00EDCAC3 /* MedianFilter.swift in Sources */,
				22029C581993CC7200EDCAC3 /* ChromaKeyViewController.swift in Sources */,
				22029C561993CC7200EDCAC3 /* AppDelegate.swift in Sources */,
			);
			runOnlyForDeploymentPostprocessing = 0;
		};
		22029C5E1993CC7200EDCAC3 /* Sources */ = {
			isa = PBXSourcesBuildPhase;
			buildActionMask = 2147483647;
			files = (
				22029C691993CC7200EDCAC3 /* FilterBuilderTests.swift in Sources */,
			);
			runOnlyForDeploymentPostprocessing = 0;
		};
/* End PBXSourcesBuildPhase section */

/* Begin PBXTargetDependency section */
		22029C641993CC7200EDCAC3 /* PBXTargetDependency */ = {
			isa = PBXTargetDependency;
			target = 22029C4F1993CC7200EDCAC3 /* FilterBuilder */;
			targetProxy = 22029C631993CC7200EDCAC3 /* PBXContainerItemProxy */;
		};
/* End PBXTargetDependency section */

/* Begin PBXVariantGroup section */
		22029C591993CC7200EDCAC3 /* Main.storyboard */ = {
			isa = PBXVariantGroup;
			children = (
				22029C5A1993CC7200EDCAC3 /* Base */,
			);
			name = Main.storyboard;
			sourceTree = "<group>";
		};
/* End PBXVariantGroup section */

/* Begin XCBuildConfiguration section */
		22029C6A1993CC7200EDCAC3 /* Debug */ = {
			isa = XCBuildConfiguration;
			buildSettings = {
				ALWAYS_SEARCH_USER_PATHS = NO;
				CLANG_CXX_LANGUAGE_STANDARD = "gnu++0x";
				CLANG_CXX_LIBRARY = "libc++";
				CLANG_ENABLE_MODULES = YES;
				CLANG_ENABLE_OBJC_ARC = YES;
				CLANG_WARN_BOOL_CONVERSION = YES;
				CLANG_WARN_CONSTANT_CONVERSION = YES;
				CLANG_WARN_DIRECT_OBJC_ISA_USAGE = YES_ERROR;
				CLANG_WARN_EMPTY_BODY = YES;
				CLANG_WARN_ENUM_CONVERSION = YES;
				CLANG_WARN_INT_CONVERSION = YES;
				CLANG_WARN_OBJC_ROOT_CLASS = YES_ERROR;
				CLANG_WARN_UNREACHABLE_CODE = YES;
				CLANG_WARN__DUPLICATE_METHOD_MATCH = YES;
				"CODE_SIGN_IDENTITY[sdk=iphoneos*]" = "iPhone Developer";
				COPY_PHASE_STRIP = NO;
				ENABLE_STRICT_OBJC_MSGSEND = YES;
				GCC_C_LANGUAGE_STANDARD = gnu99;
				GCC_DYNAMIC_NO_PIC = NO;
				GCC_OPTIMIZATION_LEVEL = 0;
				GCC_PREPROCESSOR_DEFINITIONS = (
					"DEBUG=1",
					"$(inherited)",
				);
				GCC_SYMBOLS_PRIVATE_EXTERN = NO;
				GCC_WARN_64_TO_32_BIT_CONVERSION = YES;
				GCC_WARN_ABOUT_RETURN_TYPE = YES_ERROR;
				GCC_WARN_UNDECLARED_SELECTOR = YES;
				GCC_WARN_UNINITIALIZED_AUTOS = YES_AGGRESSIVE;
				GCC_WARN_UNUSED_FUNCTION = YES;
				GCC_WARN_UNUSED_VARIABLE = YES;
				IPHONEOS_DEPLOYMENT_TARGET = 8.0;
				MTL_ENABLE_DEBUG_INFO = YES;
				ONLY_ACTIVE_ARCH = YES;
				SDKROOT = iphoneos;
				SWIFT_OPTIMIZATION_LEVEL = "-Onone";
				TARGETED_DEVICE_FAMILY = "1,2";
			};
			name = Debug;
		};
		22029C6B1993CC7200EDCAC3 /* Release */ = {
			isa = XCBuildConfiguration;
			buildSettings = {
				ALWAYS_SEARCH_USER_PATHS = NO;
				CLANG_CXX_LANGUAGE_STANDARD = "gnu++0x";
				CLANG_CXX_LIBRARY = "libc++";
				CLANG_ENABLE_MODULES = YES;
				CLANG_ENABLE_OBJC_ARC = YES;
				CLANG_WARN_BOOL_CONVERSION = YES;
				CLANG_WARN_CONSTANT_CONVERSION = YES;
				CLANG_WARN_DIRECT_OBJC_ISA_USAGE = YES_ERROR;
				CLANG_WARN_EMPTY_BODY = YES;
				CLANG_WARN_ENUM_CONVERSION = YES;
				CLANG_WARN_INT_CONVERSION = YES;
				CLANG_WARN_OBJC_ROOT_CLASS = YES_ERROR;
				CLANG_WARN_UNREACHABLE_CODE = YES;
				CLANG_WARN__DUPLICATE_METHOD_MATCH = YES;
				"CODE_SIGN_IDENTITY[sdk=iphoneos*]" = "iPhone Developer";
				COPY_PHASE_STRIP = YES;
				ENABLE_NS_ASSERTIONS = NO;
				ENABLE_STRICT_OBJC_MSGSEND = YES;
				GCC_C_LANGUAGE_STANDARD = gnu99;
				GCC_WARN_64_TO_32_BIT_CONVERSION = YES;
				GCC_WARN_ABOUT_RETURN_TYPE = YES_ERROR;
				GCC_WARN_UNDECLARED_SELECTOR = YES;
				GCC_WARN_UNINITIALIZED_AUTOS = YES_AGGRESSIVE;
				GCC_WARN_UNUSED_FUNCTION = YES;
				GCC_WARN_UNUSED_VARIABLE = YES;
				IPHONEOS_DEPLOYMENT_TARGET = 8.0;
				MTL_ENABLE_DEBUG_INFO = NO;
				SDKROOT = iphoneos;
				TARGETED_DEVICE_FAMILY = "1,2";
				VALIDATE_PRODUCT = YES;
			};
			name = Release;
		};
		22029C6D1993CC7200EDCAC3 /* Debug */ = {
			isa = XCBuildConfiguration;
			buildSettings = {
				ASSETCATALOG_COMPILER_APPICON_NAME = AppIcon;
				ASSETCATALOG_COMPILER_LAUNCHIMAGE_NAME = LaunchImage;
				INFOPLIST_FILE = FilterBuilder/Info.plist;
				LD_RUNPATH_SEARCH_PATHS = "$(inherited) @executable_path/Frameworks";
				PRODUCT_NAME = "$(TARGET_NAME)";
			};
			name = Debug;
		};
		22029C6E1993CC7200EDCAC3 /* Release */ = {
			isa = XCBuildConfiguration;
			buildSettings = {
				ASSETCATALOG_COMPILER_APPICON_NAME = AppIcon;
				ASSETCATALOG_COMPILER_LAUNCHIMAGE_NAME = LaunchImage;
				INFOPLIST_FILE = FilterBuilder/Info.plist;
				LD_RUNPATH_SEARCH_PATHS = "$(inherited) @executable_path/Frameworks";
				PRODUCT_NAME = "$(TARGET_NAME)";
			};
			name = Release;
		};
		22029C701993CC7200EDCAC3 /* Debug */ = {
			isa = XCBuildConfiguration;
			buildSettings = {
				BUNDLE_LOADER = "$(TEST_HOST)";
				FRAMEWORK_SEARCH_PATHS = (
					"$(SDKROOT)/Developer/Library/Frameworks",
					"$(inherited)",
				);
				GCC_PREPROCESSOR_DEFINITIONS = (
					"DEBUG=1",
					"$(inherited)",
				);
				INFOPLIST_FILE = FilterBuilderTests/Info.plist;
				LD_RUNPATH_SEARCH_PATHS = "$(inherited) @executable_path/Frameworks @loader_path/Frameworks";
				PRODUCT_NAME = "$(TARGET_NAME)";
				TEST_HOST = "$(BUILT_PRODUCTS_DIR)/FilterBuilder.app/FilterBuilder";
			};
			name = Debug;
		};
		22029C711993CC7200EDCAC3 /* Release */ = {
			isa = XCBuildConfiguration;
			buildSettings = {
				BUNDLE_LOADER = "$(TEST_HOST)";
				FRAMEWORK_SEARCH_PATHS = (
					"$(SDKROOT)/Developer/Library/Frameworks",
					"$(inherited)",
				);
				INFOPLIST_FILE = FilterBuilderTests/Info.plist;
				LD_RUNPATH_SEARCH_PATHS = "$(inherited) @executable_path/Frameworks @loader_path/Frameworks";
				PRODUCT_NAME = "$(TARGET_NAME)";
				TEST_HOST = "$(BUILT_PRODUCTS_DIR)/FilterBuilder.app/FilterBuilder";
			};
			name = Release;
		};
/* End XCBuildConfiguration section */

/* Begin XCConfigurationList section */
		22029C4B1993CC7200EDCAC3 /* Build configuration list for PBXProject "FilterBuilder" */ = {
			isa = XCConfigurationList;
			buildConfigurations = (
				22029C6A1993CC7200EDCAC3 /* Debug */,
				22029C6B1993CC7200EDCAC3 /* Release */,
			);
			defaultConfigurationIsVisible = 0;
			defaultConfigurationName = Release;
		};
		22029C6C1993CC7200EDCAC3 /* Build configuration list for PBXNativeTarget "FilterBuilder" */ = {
			isa = XCConfigurationList;
			buildConfigurations = (
				22029C6D1993CC7200EDCAC3 /* Debug */,
				22029C6E1993CC7200EDCAC3 /* Release */,
			);
			defaultConfigurationIsVisible = 0;
		};
		22029C6F1993CC7200EDCAC3 /* Build configuration list for PBXNativeTarget "FilterBuilderTests" */ = {
			isa = XCConfigurationList;
			buildConfigurations = (
				22029C701993CC7200EDCAC3 /* Debug */,
				22029C711993CC7200EDCAC3 /* Release */,
			);
			defaultConfigurationIsVisible = 0;
		};
/* End XCConfigurationList section */
	};
	rootObject = 22029C481993CC7200EDCAC3 /* Project object */;
}
